// !$*UTF8*$!
{
	archiveVersion = 1;
	classes = {
	};
	objectVersion = 56;
	objects = {

/* Begin PBXBuildFile section */
		0BC02689799C63D571AD5A0E /* AppEnvironment.swift in Sources */ = {isa = PBXBuildFile; fileRef = 98B7116B340EEA0A954ACF93 /* AppEnvironment.swift */; };
		4AB41242D2D787E56C777050 /* AppState.swift in Sources */ = {isa = PBXBuildFile; fileRef = 7B359004142539A8C74031A4 /* AppState.swift */; };
		0E20B210619C21E49F98669B /* RootView.swift in Sources */ = {isa = PBXBuildFile; fileRef = 8CCBE6D08CF8E1AC86E2434B /* RootView.swift */; };
		54847FFBB2B8FC3BA1F0E471 /* SleepingRoutineForZyApp.swift in Sources */ = {isa = PBXBuildFile; fileRef = 9C456FE63BC8EFE5043DEF05 /* SleepingRoutineForZyApp.swift */; };
		35042FB828767609A9172CCC /* DomainModels.swift in Sources */ = {isa = PBXBuildFile; fileRef = 47127A8E81B67A78FB2F9A47 /* DomainModels.swift */; };
		FE1894748C98D3D61E0E6577 /* RoutineState.swift in Sources */ = {isa = PBXBuildFile; fileRef = 10DD8D1D472CE27AD23B510A /* RoutineState.swift */; };
		0A11B5A33DAEC8E16975E936 /* SleepRoutineError.swift in Sources */ = {isa = PBXBuildFile; fileRef = F8F1F26315F7D4D10BBBBB0C /* SleepRoutineError.swift */; };
		33FE58B3FFD2ADA1EEAEABDD /* SleepTimerState.swift in Sources */ = {isa = PBXBuildFile; fileRef = 0A557F77FD9731DCD3B489F9 /* SleepTimerState.swift */; };
		5F663B42346A88CBDA30581E /* AdminAPIClient.swift in Sources */ = {isa = PBXBuildFile; fileRef = 5076747728F0C7936DD10BC7 /* AdminAPIClient.swift */; };
		8A4C0D81F2BEAE0A071CC33E /* APIEndpoint.swift in Sources */ = {isa = PBXBuildFile; fileRef = B61EEBE4FA03C0E05DB98195 /* APIEndpoint.swift */; };
		163B2C345F7FFAFB8C6ECAFF /* SpotifyAPIClient.swift in Sources */ = {isa = PBXBuildFile; fileRef = 8BAE71B322BEFCBE7B025ED0 /* SpotifyAPIClient.swift */; };
		AC419976AF7DF38F235138F6 /* SpotifyAuthManager.swift in Sources */ = {isa = PBXBuildFile; fileRef = 6CC673B7FF448B6D5858C231 /* SpotifyAuthManager.swift */; };
		BF65541354D07C871ED710DF /* SpotifyAuthTypes.swift in Sources */ = {isa = PBXBuildFile; fileRef = F93C84E8C18B3E2FD2C4D8A9 /* SpotifyAuthTypes.swift */; };
		C96716D014BE6A1D18C2DC38 /* PersistenceController.swift in Sources */ = {isa = PBXBuildFile; fileRef = BB15F9431B4353BEF410FDFC /* PersistenceController.swift */; };
		EB7E3D04344FED8A3C4936FF /* SwiftDataModels.swift in Sources */ = {isa = PBXBuildFile; fileRef = 698D6EE9A96676E94C175B95 /* SwiftDataModels.swift */; };
		ACC5E1BE8315F0BA1414FFF6 /* Repositories.swift in Sources */ = {isa = PBXBuildFile; fileRef = F48A728B05931283599ADFBD /* Repositories.swift */; };
		0FEA29985D90568341F5F333 /* AdminCredentialStore.swift in Sources */ = {isa = PBXBuildFile; fileRef = 64E5A867F0972B10566F5F71 /* AdminCredentialStore.swift */; };
		F74AF0827FFD3FDAD936F753 /* KeychainService.swift in Sources */ = {isa = PBXBuildFile; fileRef = E6E412342E9F29273FC5A3CF /* KeychainService.swift */; };
		43EC05C7AA3640E1851FB578 /* SpotifyTokenStore.swift in Sources */ = {isa = PBXBuildFile; fileRef = D6F502108E65AC331F933714 /* SpotifyTokenStore.swift */; };
		CD0A9AA67303C2AB359718F9 /* AlarmAuthorization.swift in Sources */ = {isa = PBXBuildFile; fileRef = 8FBC8E9573E4DF5F6CD8E9AD /* AlarmAuthorization.swift */; };
		CACC0F0D54463C0A4BCA0108 /* AlarmScheduler.swift in Sources */ = {isa = PBXBuildFile; fileRef = FBA7F04AB77286BBD303C037 /* AlarmScheduler.swift */; };
		CE37F5BAF50F9A9B630F3A32 /* AlarmSchedulerAlarmKit.swift in Sources */ = {isa = PBXBuildFile; fileRef = 9C87739DD598C270D1D014BD /* AlarmSchedulerAlarmKit.swift */; };
		1A6FF6B0E10CFC85F95AAC2F /* AudioServiceLive.swift in Sources */ = {isa = PBXBuildFile; fileRef = 93D6CAE038DD217436BC14D4 /* AudioServiceLive.swift */; };
		32D2B2439F98BEB5D83E026E /* NotificationServiceLive.swift in Sources */ = {isa = PBXBuildFile; fileRef = 649189500DBE831F2402EB77 /* NotificationServiceLive.swift */; };
		0910E22BF44223FC4E413B8B /* ServiceProtocols.swift in Sources */ = {isa = PBXBuildFile; fileRef = D930B3CD6E9304800DD6585C /* ServiceProtocols.swift */; };
		93695EEDEEEE3A6E0D9ACE1D /* SleepAudioSampleFactory.swift in Sources */ = {isa = PBXBuildFile; fileRef = 80B1B0D75D3B49D90D3724ED /* SleepAudioSampleFactory.swift */; };
		0DFA4A4E4659AA9DB942B4B0 /* SpotifyServiceLive.swift in Sources */ = {isa = PBXBuildFile; fileRef = 58EFA18063E343033D2976F0 /* SpotifyServiceLive.swift */; };
		F81778A4417227A6C327A2AC /* StatusCheckInServiceLive.swift in Sources */ = {isa = PBXBuildFile; fileRef = 51B455C203A96A879BEB86DE /* StatusCheckInServiceLive.swift */; };
		8866288B15030AAAD93C2F6E /* AppConfiguration.swift in Sources */ = {isa = PBXBuildFile; fileRef = 5E01B5B48960B8C8C44014DE /* AppConfiguration.swift */; };
		2A4112F975632BDB2DD0B6BA /* AdminMonitoringController.swift in Sources */ = {isa = PBXBuildFile; fileRef = CDD8D8D2F5F9C595C9934DCB /* AdminMonitoringController.swift */; };
		98BE7E17E0F15E3B845AE9FA /* AdminView.swift in Sources */ = {isa = PBXBuildFile; fileRef = CA7FFC681CE9BF315047665F /* AdminView.swift */; };
		4564403F6E690DC54A0F5850 /* AdminViewModel.swift in Sources */ = {isa = PBXBuildFile; fileRef = 48F7E320A009863EE3EB0437 /* AdminViewModel.swift */; };
		F0E320481F59C726D46289D5 /* AlarmEditorView.swift in Sources */ = {isa = PBXBuildFile; fileRef = 1454852EB7E116C3ED6ABA55 /* AlarmEditorView.swift */; };
		E65FF87EEAA6025EE45B2874 /* AlarmsView.swift in Sources */ = {isa = PBXBuildFile; fileRef = 08D732D3D979642A1AFB4A5D /* AlarmsView.swift */; };
		D54EFF5CBA7270BAA5F36973 /* AlarmsViewModel.swift in Sources */ = {isa = PBXBuildFile; fileRef = AD27297A327CD246864EE643 /* AlarmsViewModel.swift */; };
		B5AAE5C1E38FCD53334A4C0A /* HomeView.swift in Sources */ = {isa = PBXBuildFile; fileRef = B87418E96D95818EC1F696DE /* HomeView.swift */; };
		5C976AB3B771FF874DB1AAF7 /* HomeViewModel.swift in Sources */ = {isa = PBXBuildFile; fileRef = 5AD9DC0735E3FF28391F01DC /* HomeViewModel.swift */; };
		36D2C12ABE08156DA6688AEE /* OnboardingFlowView.swift in Sources */ = {isa = PBXBuildFile; fileRef = FC45EE6BB421C3F3DC34FDA0 /* OnboardingFlowView.swift */; };
		400BAD93D16A7F93945C169C /* OnboardingViewModel.swift in Sources */ = {isa = PBXBuildFile; fileRef = 615BD4C9F84A5FE83C6274C6 /* OnboardingViewModel.swift */; };
		C2ABBEF99E066C83764C7137 /* RoutineCoordinator.swift in Sources */ = {isa = PBXBuildFile; fileRef = 5E7CDB5E685F22005282E655 /* RoutineCoordinator.swift */; };
		9E14E87D5FDD3CCC6B87EBDE /* SleepRoutineController.swift in Sources */ = {isa = PBXBuildFile; fileRef = 6A944E05AA515E9CD74ECAB3 /* SleepRoutineController.swift */; };
		69DACC3976745FA926CBC43D /* SettingsView.swift in Sources */ = {isa = PBXBuildFile; fileRef = 4BD987087387033F15B486FB /* SettingsView.swift */; };
		13B2A879C953690F5508996C /* SleepTimerView.swift in Sources */ = {isa = PBXBuildFile; fileRef = 8DFB2BDB345E5C1A0BBA84DD /* SleepTimerView.swift */; };
		9EDD40DB4773502EE4F1F11D /* SleepTimerViewModel.swift in Sources */ = {isa = PBXBuildFile; fileRef = C61ECDF7D0ED6566018D09CF /* SleepTimerViewModel.swift */; };
		B1E88F193F5658FE45DA9427 /* SpotifyView.swift in Sources */ = {isa = PBXBuildFile; fileRef = 5940707A4F2FEF7DF1D8E159 /* SpotifyView.swift */; };
		87BB6750002C7335600D1277 /* SpotifyViewModel.swift in Sources */ = {isa = PBXBuildFile; fileRef = 8700A39A8C355C2A4F1019CF /* SpotifyViewModel.swift */; };
		BCF9C67BDA98182D6ED204B2 /* CommonComponents.swift in Sources */ = {isa = PBXBuildFile; fileRef = 1533741DECE7C5A390958636 /* CommonComponents.swift */; };
		D669ED6F523667B23D07BEE2 /* View+Theme.swift in Sources */ = {isa = PBXBuildFile; fileRef = 66AB17EF8507B252CA644393 /* View+Theme.swift */; };
		9D38B0E5775BC1991DEA9796 /* AppTheme.swift in Sources */ = {isa = PBXBuildFile; fileRef = 17A5FDDB3BE83AC16E497BCA /* AppTheme.swift */; };
		14BDC7B18E79FAF786C92A07 /* Localizable.xcstrings in Resources */ = {isa = PBXBuildFile; fileRef = 89687FAF051D02151F39F78D /* Localizable.xcstrings */; };
		BF77FE3B4C6F80DD72A9244C /* Assets.xcassets in Resources */ = {isa = PBXBuildFile; fileRef = 6DADC9938E5F550DB628ED04 /* Assets.xcassets */; };
		4F092D93B9976D7055D163DD /* AdminTests.swift in Sources */ = {isa = PBXBuildFile; fileRef = 31E35BAD38F162D8178905A8 /* AdminTests.swift */; };
		F8DC0787F772B0ADE85E1522 /* AlarmTests.swift in Sources */ = {isa = PBXBuildFile; fileRef = D709A4F55F79BE19E2C31E1C /* AlarmTests.swift */; };
		D129AF85CF16C777341A1DDF /* AudioServiceTests.swift in Sources */ = {isa = PBXBuildFile; fileRef = B57E9FAAC139AF886883D7F1 /* AudioServiceTests.swift */; };
		C624B4B0FAD4B8CF0BF8AC79 /* OnboardingViewModelTests.swift in Sources */ = {isa = PBXBuildFile; fileRef = 1E697909604D786C9D1DF133 /* OnboardingViewModelTests.swift */; };
		ACC72D6D1B0C3ABEA7F7EDC7 /* PersistenceRepositoryTests.swift in Sources */ = {isa = PBXBuildFile; fileRef = 925C047AB7A812951404A569 /* PersistenceRepositoryTests.swift */; };
		B44E05452673679A2D031A14 /* Phase1FoundationTests.swift in Sources */ = {isa = PBXBuildFile; fileRef = A3C4730CC9695AA237DAFC58 /* Phase1FoundationTests.swift */; };
		C789D57E57306B3617A2D099 /* SleepRoutineControllerTests.swift in Sources */ = {isa = PBXBuildFile; fileRef = 0A6C7F14D9CD27E4EAB3A86C /* SleepRoutineControllerTests.swift */; };
		9F67E797E57379C6E73280AC /* SpotifyTests.swift in Sources */ = {isa = PBXBuildFile; fileRef = 491CB7E81433205E81172B70 /* SpotifyTests.swift */; };
		6F4F17851646052E492CDEF2 /* SleepingRoutineForZyUITests.swift in Sources */ = {isa = PBXBuildFile; fileRef = 7A979E33892E72FCC1C06B9A /* SleepingRoutineForZyUITests.swift */; };
/* End PBXBuildFile section */

/* Begin PBXFileReference section */
		98B7116B340EEA0A954ACF93 /* AppEnvironment.swift */ = {isa = PBXFileReference; lastKnownFileType = sourcecode.swift; path = "SleepingRoutineForZy/App/AppEnvironment.swift"; sourceTree = SOURCE_ROOT; };
		7B359004142539A8C74031A4 /* AppState.swift */ = {isa = PBXFileReference; lastKnownFileType = sourcecode.swift; path = "SleepingRoutineForZy/App/AppState.swift"; sourceTree = SOURCE_ROOT; };
		8CCBE6D08CF8E1AC86E2434B /* RootView.swift */ = {isa = PBXFileReference; lastKnownFileType = sourcecode.swift; path = "SleepingRoutineForZy/App/RootView.swift"; sourceTree = SOURCE_ROOT; };
		9C456FE63BC8EFE5043DEF05 /* SleepingRoutineForZyApp.swift */ = {isa = PBXFileReference; lastKnownFileType = sourcecode.swift; path = "SleepingRoutineForZy/App/SleepingRoutineForZyApp.swift"; sourceTree = SOURCE_ROOT; };
		47127A8E81B67A78FB2F9A47 /* DomainModels.swift */ = {isa = PBXFileReference; lastKnownFileType = sourcecode.swift; path = "SleepingRoutineForZy/Core/Models/DomainModels.swift"; sourceTree = SOURCE_ROOT; };
		10DD8D1D472CE27AD23B510A /* RoutineState.swift */ = {isa = PBXFileReference; lastKnownFileType = sourcecode.swift; path = "SleepingRoutineForZy/Core/Models/RoutineState.swift"; sourceTree = SOURCE_ROOT; };
		F8F1F26315F7D4D10BBBBB0C /* SleepRoutineError.swift */ = {isa = PBXFileReference; lastKnownFileType = sourcecode.swift; path = "SleepingRoutineForZy/Core/Models/SleepRoutineError.swift"; sourceTree = SOURCE_ROOT; };
		0A557F77FD9731DCD3B489F9 /* SleepTimerState.swift */ = {isa = PBXFileReference; lastKnownFileType = sourcecode.swift; path = "SleepingRoutineForZy/Core/Models/SleepTimerState.swift"; sourceTree = SOURCE_ROOT; };
		5076747728F0C7936DD10BC7 /* AdminAPIClient.swift */ = {isa = PBXFileReference; lastKnownFileType = sourcecode.swift; path = "SleepingRoutineForZy/Core/Networking/AdminAPIClient.swift"; sourceTree = SOURCE_ROOT; };
		B61EEBE4FA03C0E05DB98195 /* APIEndpoint.swift */ = {isa = PBXFileReference; lastKnownFileType = sourcecode.swift; path = "SleepingRoutineForZy/Core/Networking/APIEndpoint.swift"; sourceTree = SOURCE_ROOT; };
		8BAE71B322BEFCBE7B025ED0 /* SpotifyAPIClient.swift */ = {isa = PBXFileReference; lastKnownFileType = sourcecode.swift; path = "SleepingRoutineForZy/Core/Networking/SpotifyAPIClient.swift"; sourceTree = SOURCE_ROOT; };
		6CC673B7FF448B6D5858C231 /* SpotifyAuthManager.swift */ = {isa = PBXFileReference; lastKnownFileType = sourcecode.swift; path = "SleepingRoutineForZy/Core/Networking/SpotifyAuthManager.swift"; sourceTree = SOURCE_ROOT; };
		F93C84E8C18B3E2FD2C4D8A9 /* SpotifyAuthTypes.swift */ = {isa = PBXFileReference; lastKnownFileType = sourcecode.swift; path = "SleepingRoutineForZy/Core/Networking/SpotifyAuthTypes.swift"; sourceTree = SOURCE_ROOT; };
		BB15F9431B4353BEF410FDFC /* PersistenceController.swift */ = {isa = PBXFileReference; lastKnownFileType = sourcecode.swift; path = "SleepingRoutineForZy/Core/Persistence/PersistenceController.swift"; sourceTree = SOURCE_ROOT; };
		698D6EE9A96676E94C175B95 /* SwiftDataModels.swift */ = {isa = PBXFileReference; lastKnownFileType = sourcecode.swift; path = "SleepingRoutineForZy/Core/Persistence/SwiftDataModels.swift"; sourceTree = SOURCE_ROOT; };
		F48A728B05931283599ADFBD /* Repositories.swift */ = {isa = PBXFileReference; lastKnownFileType = sourcecode.swift; path = "SleepingRoutineForZy/Core/Repositories/Repositories.swift"; sourceTree = SOURCE_ROOT; };
		64E5A867F0972B10566F5F71 /* AdminCredentialStore.swift */ = {isa = PBXFileReference; lastKnownFileType = sourcecode.swift; path = "SleepingRoutineForZy/Core/Security/AdminCredentialStore.swift"; sourceTree = SOURCE_ROOT; };
		E6E412342E9F29273FC5A3CF /* KeychainService.swift */ = {isa = PBXFileReference; lastKnownFileType = sourcecode.swift; path = "SleepingRoutineForZy/Core/Security/KeychainService.swift"; sourceTree = SOURCE_ROOT; };
		D6F502108E65AC331F933714 /* SpotifyTokenStore.swift */ = {isa = PBXFileReference; lastKnownFileType = sourcecode.swift; path = "SleepingRoutineForZy/Core/Security/SpotifyTokenStore.swift"; sourceTree = SOURCE_ROOT; };
		8FBC8E9573E4DF5F6CD8E9AD /* AlarmAuthorization.swift */ = {isa = PBXFileReference; lastKnownFileType = sourcecode.swift; path = "SleepingRoutineForZy/Core/Services/AlarmAuthorization.swift"; sourceTree = SOURCE_ROOT; };
		FBA7F04AB77286BBD303C037 /* AlarmScheduler.swift */ = {isa = PBXFileReference; lastKnownFileType = sourcecode.swift; path = "SleepingRoutineForZy/Core/Services/AlarmScheduler.swift"; sourceTree = SOURCE_ROOT; };
		9C87739DD598C270D1D014BD /* AlarmSchedulerAlarmKit.swift */ = {isa = PBXFileReference; lastKnownFileType = sourcecode.swift; path = "SleepingRoutineForZy/Core/Services/AlarmSchedulerAlarmKit.swift"; sourceTree = SOURCE_ROOT; };
		93D6CAE038DD217436BC14D4 /* AudioServiceLive.swift */ = {isa = PBXFileReference; lastKnownFileType = sourcecode.swift; path = "SleepingRoutineForZy/Core/Services/AudioServiceLive.swift"; sourceTree = SOURCE_ROOT; };
		649189500DBE831F2402EB77 /* NotificationServiceLive.swift */ = {isa = PBXFileReference; lastKnownFileType = sourcecode.swift; path = "SleepingRoutineForZy/Core/Services/NotificationServiceLive.swift"; sourceTree = SOURCE_ROOT; };
		D930B3CD6E9304800DD6585C /* ServiceProtocols.swift */ = {isa = PBXFileReference; lastKnownFileType = sourcecode.swift; path = "SleepingRoutineForZy/Core/Services/ServiceProtocols.swift"; sourceTree = SOURCE_ROOT; };
		80B1B0D75D3B49D90D3724ED /* SleepAudioSampleFactory.swift */ = {isa = PBXFileReference; lastKnownFileType = sourcecode.swift; path = "SleepingRoutineForZy/Core/Services/SleepAudioSampleFactory.swift"; sourceTree = SOURCE_ROOT; };
		58EFA18063E343033D2976F0 /* SpotifyServiceLive.swift */ = {isa = PBXFileReference; lastKnownFileType = sourcecode.swift; path = "SleepingRoutineForZy/Core/Services/SpotifyServiceLive.swift"; sourceTree = SOURCE_ROOT; };
		51B455C203A96A879BEB86DE /* StatusCheckInServiceLive.swift */ = {isa = PBXFileReference; lastKnownFileType = sourcecode.swift; path = "SleepingRoutineForZy/Core/Services/StatusCheckInServiceLive.swift"; sourceTree = SOURCE_ROOT; };
		5E01B5B48960B8C8C44014DE /* AppConfiguration.swift */ = {isa = PBXFileReference; lastKnownFileType = sourcecode.swift; path = "SleepingRoutineForZy/Core/Utilities/AppConfiguration.swift"; sourceTree = SOURCE_ROOT; };
		CDD8D8D2F5F9C595C9934DCB /* AdminMonitoringController.swift */ = {isa = PBXFileReference; lastKnownFileType = sourcecode.swift; path = "SleepingRoutineForZy/Features/Admin/AdminMonitoringController.swift"; sourceTree = SOURCE_ROOT; };
		CA7FFC681CE9BF315047665F /* AdminView.swift */ = {isa = PBXFileReference; lastKnownFileType = sourcecode.swift; path = "SleepingRoutineForZy/Features/Admin/AdminView.swift"; sourceTree = SOURCE_ROOT; };
		48F7E320A009863EE3EB0437 /* AdminViewModel.swift */ = {isa = PBXFileReference; lastKnownFileType = sourcecode.swift; path = "SleepingRoutineForZy/Features/Admin/AdminViewModel.swift"; sourceTree = SOURCE_ROOT; };
		1454852EB7E116C3ED6ABA55 /* AlarmEditorView.swift */ = {isa = PBXFileReference; lastKnownFileType = sourcecode.swift; path = "SleepingRoutineForZy/Features/Alarms/AlarmEditorView.swift"; sourceTree = SOURCE_ROOT; };
		08D732D3D979642A1AFB4A5D /* AlarmsView.swift */ = {isa = PBXFileReference; lastKnownFileType = sourcecode.swift; path = "SleepingRoutineForZy/Features/Alarms/AlarmsView.swift"; sourceTree = SOURCE_ROOT; };
		AD27297A327CD246864EE643 /* AlarmsViewModel.swift */ = {isa = PBXFileReference; lastKnownFileType = sourcecode.swift; path = "SleepingRoutineForZy/Features/Alarms/AlarmsViewModel.swift"; sourceTree = SOURCE_ROOT; };
		B87418E96D95818EC1F696DE /* HomeView.swift */ = {isa = PBXFileReference; lastKnownFileType = sourcecode.swift; path = "SleepingRoutineForZy/Features/Home/HomeView.swift"; sourceTree = SOURCE_ROOT; };
		5AD9DC0735E3FF28391F01DC /* HomeViewModel.swift */ = {isa = PBXFileReference; lastKnownFileType = sourcecode.swift; path = "SleepingRoutineForZy/Features/Home/HomeViewModel.swift"; sourceTree = SOURCE_ROOT; };
		FC45EE6BB421C3F3DC34FDA0 /* OnboardingFlowView.swift */ = {isa = PBXFileReference; lastKnownFileType = sourcecode.swift; path = "SleepingRoutineForZy/Features/Onboarding/OnboardingFlowView.swift"; sourceTree = SOURCE_ROOT; };
		615BD4C9F84A5FE83C6274C6 /* OnboardingViewModel.swift */ = {isa = PBXFileReference; lastKnownFileType = sourcecode.swift; path = "SleepingRoutineForZy/Features/Onboarding/OnboardingViewModel.swift"; sourceTree = SOURCE_ROOT; };
		5E7CDB5E685F22005282E655 /* RoutineCoordinator.swift */ = {isa = PBXFileReference; lastKnownFileType = sourcecode.swift; path = "SleepingRoutineForZy/Features/Routine/RoutineCoordinator.swift"; sourceTree = SOURCE_ROOT; };
		6A944E05AA515E9CD74ECAB3 /* SleepRoutineController.swift */ = {isa = PBXFileReference; lastKnownFileType = sourcecode.swift; path = "SleepingRoutineForZy/Features/Routine/SleepRoutineController.swift"; sourceTree = SOURCE_ROOT; };
		4BD987087387033F15B486FB /* SettingsView.swift */ = {isa = PBXFileReference; lastKnownFileType = sourcecode.swift; path = "SleepingRoutineForZy/Features/Settings/SettingsView.swift"; sourceTree = SOURCE_ROOT; };
		8DFB2BDB345E5C1A0BBA84DD /* SleepTimerView.swift */ = {isa = PBXFileReference; lastKnownFileType = sourcecode.swift; path = "SleepingRoutineForZy/Features/SleepTimer/SleepTimerView.swift"; sourceTree = SOURCE_ROOT; };
		C61ECDF7D0ED6566018D09CF /* SleepTimerViewModel.swift */ = {isa = PBXFileReference; lastKnownFileType = sourcecode.swift; path = "SleepingRoutineForZy/Features/SleepTimer/SleepTimerViewModel.swift"; sourceTree = SOURCE_ROOT; };
		5940707A4F2FEF7DF1D8E159 /* SpotifyView.swift */ = {isa = PBXFileReference; lastKnownFileType = sourcecode.swift; path = "SleepingRoutineForZy/Features/Spotify/SpotifyView.swift"; sourceTree = SOURCE_ROOT; };
		8700A39A8C355C2A4F1019CF /* SpotifyViewModel.swift */ = {isa = PBXFileReference; lastKnownFileType = sourcecode.swift; path = "SleepingRoutineForZy/Features/Spotify/SpotifyViewModel.swift"; sourceTree = SOURCE_ROOT; };
		1533741DECE7C5A390958636 /* CommonComponents.swift */ = {isa = PBXFileReference; lastKnownFileType = sourcecode.swift; path = "SleepingRoutineForZy/UI/Components/CommonComponents.swift"; sourceTree = SOURCE_ROOT; };
		66AB17EF8507B252CA644393 /* View+Theme.swift */ = {isa = PBXFileReference; lastKnownFileType = sourcecode.swift; path = "SleepingRoutineForZy/UI/Extensions/View+Theme.swift"; sourceTree = SOURCE_ROOT; };
		17A5FDDB3BE83AC16E497BCA /* AppTheme.swift */ = {isa = PBXFileReference; lastKnownFileType = sourcecode.swift; path = "SleepingRoutineForZy/UI/Theme/AppTheme.swift"; sourceTree = SOURCE_ROOT; };
		C627C5D147E95398B3DE80A5 /* Info.plist */ = {isa = PBXFileReference; lastKnownFileType = text.plist.xml; path = "SleepingRoutineForZy/Resources/Info.plist"; sourceTree = SOURCE_ROOT; };
		89687FAF051D02151F39F78D /* Localizable.xcstrings */ = {isa = PBXFileReference; lastKnownFileType = text.json.xcstrings; path = "SleepingRoutineForZy/Resources/Localizable.xcstrings"; sourceTree = SOURCE_ROOT; };
		6DADC9938E5F550DB628ED04 /* Assets.xcassets */ = {isa = PBXFileReference; lastKnownFileType = folder.assetcatalog; path = "SleepingRoutineForZy/Resources/Assets.xcassets"; sourceTree = SOURCE_ROOT; };
		31E35BAD38F162D8178905A8 /* AdminTests.swift */ = {isa = PBXFileReference; lastKnownFileType = sourcecode.swift; path = "SleepingRoutineForZyTests/UnitTests/AdminTests.swift"; sourceTree = SOURCE_ROOT; };
		D709A4F55F79BE19E2C31E1C /* AlarmTests.swift */ = {isa = PBXFileReference; lastKnownFileType = sourcecode.swift; path = "SleepingRoutineForZyTests/UnitTests/AlarmTests.swift"; sourceTree = SOURCE_ROOT; };
		B57E9FAAC139AF886883D7F1 /* AudioServiceTests.swift */ = {isa = PBXFileReference; lastKnownFileType = sourcecode.swift; path = "SleepingRoutineForZyTests/UnitTests/AudioServiceTests.swift"; sourceTree = SOURCE_ROOT; };
		1E697909604D786C9D1DF133 /* OnboardingViewModelTests.swift */ = {isa = PBXFileReference; lastKnownFileType = sourcecode.swift; path = "SleepingRoutineForZyTests/UnitTests/OnboardingViewModelTests.swift"; sourceTree = SOURCE_ROOT; };
		925C047AB7A812951404A569 /* PersistenceRepositoryTests.swift */ = {isa = PBXFileReference; lastKnownFileType = sourcecode.swift; path = "SleepingRoutineForZyTests/UnitTests/PersistenceRepositoryTests.swift"; sourceTree = SOURCE_ROOT; };
		A3C4730CC9695AA237DAFC58 /* Phase1FoundationTests.swift */ = {isa = PBXFileReference; lastKnownFileType = sourcecode.swift; path = "SleepingRoutineForZyTests/UnitTests/Phase1FoundationTests.swift"; sourceTree = SOURCE_ROOT; };
		0A6C7F14D9CD27E4EAB3A86C /* SleepRoutineControllerTests.swift */ = {isa = PBXFileReference; lastKnownFileType = sourcecode.swift; path = "SleepingRoutineForZyTests/UnitTests/SleepRoutineControllerTests.swift"; sourceTree = SOURCE_ROOT; };
		491CB7E81433205E81172B70 /* SpotifyTests.swift */ = {isa = PBXFileReference; lastKnownFileType = sourcecode.swift; path = "SleepingRoutineForZyTests/UnitTests/SpotifyTests.swift"; sourceTree = SOURCE_ROOT; };
		7A979E33892E72FCC1C06B9A /* SleepingRoutineForZyUITests.swift */ = {isa = PBXFileReference; lastKnownFileType = sourcecode.swift; path = "SleepingRoutineForZyUITests/SleepingRoutineForZyUITests.swift"; sourceTree = SOURCE_ROOT; };
		003915493F8E4A2E678C9529 /* Debug.xcconfig */ = {isa = PBXFileReference; lastKnownFileType = text.xcconfig; path = Config/Debug.xcconfig; sourceTree = SOURCE_ROOT; };
		9AC7328C2D4FA7890E9EBB73 /* Release.xcconfig */ = {isa = PBXFileReference; lastKnownFileType = text.xcconfig; path = Config/Release.xcconfig; sourceTree = SOURCE_ROOT; };
		C5FA5DBDCABA1AEA2B0CB9BC /* Shared.xcconfig */ = {isa = PBXFileReference; lastKnownFileType = text.xcconfig; path = Config/Shared.xcconfig; sourceTree = SOURCE_ROOT; };
		5E2590FB70F938C73574C5E6 /* SleepingRoutineForZy.app */ = {isa = PBXFileReference; explicitFileType = wrapper.application; includeInIndex = 0; path = SleepingRoutineForZy.app; sourceTree = BUILT_PRODUCTS_DIR; };
		822CA643D01A7501BE9C4A0A /* SleepingRoutineForZyTests.xctest */ = {isa = PBXFileReference; explicitFileType = wrapper.cfbundle; includeInIndex = 0; path = SleepingRoutineForZyTests.xctest; sourceTree = BUILT_PRODUCTS_DIR; };
		6C4447C644BBD9786149AEFF /* SleepingRoutineForZyUITests.xctest */ = {isa = PBXFileReference; explicitFileType = wrapper.cfbundle; includeInIndex = 0; path = SleepingRoutineForZyUITests.xctest; sourceTree = BUILT_PRODUCTS_DIR; };
/* End PBXFileReference section */

/* Begin PBXFrameworksBuildPhase section */
		BDC5FD676A6DCB69CF9A5547 /* Frameworks */ = {
			isa = PBXFrameworksBuildPhase;
			buildActionMask = 2147483647;
			files = (
			);
			runOnlyForDeploymentPostprocessing = 0;
		};
		F52846E427FD4EDD3DD84798 /* Frameworks */ = {
			isa = PBXFrameworksBuildPhase;
			buildActionMask = 2147483647;
			files = (
			);
			runOnlyForDeploymentPostprocessing = 0;
		};
		52FA3972B44B017F8B8A96D7 /* Frameworks */ = {
			isa = PBXFrameworksBuildPhase;
			buildActionMask = 2147483647;
			files = (
			);
			runOnlyForDeploymentPostprocessing = 0;
		};
/* End PBXFrameworksBuildPhase section */

/* Begin PBXGroup section */
		8F36595D003A9A57B0EC40A3 = {
			isa = PBXGroup;
			children = (
				F5A52461CB145A99EE30791C /* SleepingRoutineForZy */,
				80C04193CEDD1AD975AEAAF8 /* SleepingRoutineForZyTests */,
				B084962269539820E30C209B /* SleepingRoutineForZyUITests */,
				FA762EBE9E0A3B8177184CAB /* Config */,
				EEA716B804D3FB0EB7C5C0FD /* Products */,
			);
			sourceTree = "<group>";
		};
		EEA716B804D3FB0EB7C5C0FD /* Products */ = {
			isa = PBXGroup;
			children = (
				5E2590FB70F938C73574C5E6 /* SleepingRoutineForZy.app */,
				822CA643D01A7501BE9C4A0A /* SleepingRoutineForZyTests.xctest */,
				6C4447C644BBD9786149AEFF /* SleepingRoutineForZyUITests.xctest */,
			);
			name = Products;
			sourceTree = "<group>";
		};
		F5A52461CB145A99EE30791C /* SleepingRoutineForZy */ = {
			isa = PBXGroup;
			children = (
				98B7116B340EEA0A954ACF93 /* AppEnvironment.swift */,
				7B359004142539A8C74031A4 /* AppState.swift */,
				8CCBE6D08CF8E1AC86E2434B /* RootView.swift */,
				9C456FE63BC8EFE5043DEF05 /* SleepingRoutineForZyApp.swift */,
				47127A8E81B67A78FB2F9A47 /* DomainModels.swift */,
				10DD8D1D472CE27AD23B510A /* RoutineState.swift */,
				F8F1F26315F7D4D10BBBBB0C /* SleepRoutineError.swift */,
				0A557F77FD9731DCD3B489F9 /* SleepTimerState.swift */,
				5076747728F0C7936DD10BC7 /* AdminAPIClient.swift */,
				B61EEBE4FA03C0E05DB98195 /* APIEndpoint.swift */,
				8BAE71B322BEFCBE7B025ED0 /* SpotifyAPIClient.swift */,
				6CC673B7FF448B6D5858C231 /* SpotifyAuthManager.swift */,
				F93C84E8C18B3E2FD2C4D8A9 /* SpotifyAuthTypes.swift */,
				BB15F9431B4353BEF410FDFC /* PersistenceController.swift */,
				698D6EE9A96676E94C175B95 /* SwiftDataModels.swift */,
				F48A728B05931283599ADFBD /* Repositories.swift */,
				64E5A867F0972B10566F5F71 /* AdminCredentialStore.swift */,
				E6E412342E9F29273FC5A3CF /* KeychainService.swift */,
				D6F502108E65AC331F933714 /* SpotifyTokenStore.swift */,
				8FBC8E9573E4DF5F6CD8E9AD /* AlarmAuthorization.swift */,
				FBA7F04AB77286BBD303C037 /* AlarmScheduler.swift */,
				9C87739DD598C270D1D014BD /* AlarmSchedulerAlarmKit.swift */,
				93D6CAE038DD217436BC14D4 /* AudioServiceLive.swift */,
				649189500DBE831F2402EB77 /* NotificationServiceLive.swift */,
				D930B3CD6E9304800DD6585C /* ServiceProtocols.swift */,
				80B1B0D75D3B49D90D3724ED /* SleepAudioSampleFactory.swift */,
				58EFA18063E343033D2976F0 /* SpotifyServiceLive.swift */,
				51B455C203A96A879BEB86DE /* StatusCheckInServiceLive.swift */,
				5E01B5B48960B8C8C44014DE /* AppConfiguration.swift */,
				CDD8D8D2F5F9C595C9934DCB /* AdminMonitoringController.swift */,
				CA7FFC681CE9BF315047665F /* AdminView.swift */,
				48F7E320A009863EE3EB0437 /* AdminViewModel.swift */,
				1454852EB7E116C3ED6ABA55 /* AlarmEditorView.swift */,
				08D732D3D979642A1AFB4A5D /* AlarmsView.swift */,
				AD27297A327CD246864EE643 /* AlarmsViewModel.swift */,
				B87418E96D95818EC1F696DE /* HomeView.swift */,
				5AD9DC0735E3FF28391F01DC /* HomeViewModel.swift */,
				FC45EE6BB421C3F3DC34FDA0 /* OnboardingFlowView.swift */,
				615BD4C9F84A5FE83C6274C6 /* OnboardingViewModel.swift */,
				5E7CDB5E685F22005282E655 /* RoutineCoordinator.swift */,
				6A944E05AA515E9CD74ECAB3 /* SleepRoutineController.swift */,
				4BD987087387033F15B486FB /* SettingsView.swift */,
				8DFB2BDB345E5C1A0BBA84DD /* SleepTimerView.swift */,
				C61ECDF7D0ED6566018D09CF /* SleepTimerViewModel.swift */,
				5940707A4F2FEF7DF1D8E159 /* SpotifyView.swift */,
				8700A39A8C355C2A4F1019CF /* SpotifyViewModel.swift */,
				1533741DECE7C5A390958636 /* CommonComponents.swift */,
				66AB17EF8507B252CA644393 /* View+Theme.swift */,
				17A5FDDB3BE83AC16E497BCA /* AppTheme.swift */,
				C627C5D147E95398B3DE80A5 /* Info.plist */,
				89687FAF051D02151F39F78D /* Localizable.xcstrings */,
				6DADC9938E5F550DB628ED04 /* Assets.xcassets */,
			);
			name = SleepingRoutineForZy;
			sourceTree = "<group>";
		};
		80C04193CEDD1AD975AEAAF8 /* SleepingRoutineForZyTests */ = {
			isa = PBXGroup;
			children = (
				31E35BAD38F162D8178905A8 /* AdminTests.swift */,
				D709A4F55F79BE19E2C31E1C /* AlarmTests.swift */,
				B57E9FAAC139AF886883D7F1 /* AudioServiceTests.swift */,
				1E697909604D786C9D1DF133 /* OnboardingViewModelTests.swift */,
				925C047AB7A812951404A569 /* PersistenceRepositoryTests.swift */,
				A3C4730CC9695AA237DAFC58 /* Phase1FoundationTests.swift */,
				0A6C7F14D9CD27E4EAB3A86C /* SleepRoutineControllerTests.swift */,
				491CB7E81433205E81172B70 /* SpotifyTests.swift */,
			);
			name = SleepingRoutineForZyTests;
			sourceTree = "<group>";
		};
		B084962269539820E30C209B /* SleepingRoutineForZyUITests */ = {
			isa = PBXGroup;
			children = (
				7A979E33892E72FCC1C06B9A /* SleepingRoutineForZyUITests.swift */,
			);
			name = SleepingRoutineForZyUITests;
			sourceTree = "<group>";
		};
		FA762EBE9E0A3B8177184CAB /* Config */ = {
			isa = PBXGroup;
			children = (
				003915493F8E4A2E678C9529 /* Debug.xcconfig */,
				9AC7328C2D4FA7890E9EBB73 /* Release.xcconfig */,
				C5FA5DBDCABA1AEA2B0CB9BC /* Shared.xcconfig */,
			);
			name = Config;
			sourceTree = "<group>";
		};
/* End PBXGroup section */

/* Begin PBXNativeTarget section */
		56245C93B68F8BFCF4EEC4BC /* SleepingRoutineForZy */ = {
			isa = PBXNativeTarget;
			buildConfigurationList = 6A9461A035F3BB4D37C6E2BE /* Build configuration list for PBXNativeTarget "SleepingRoutineForZy" */;
			buildPhases = (
				63CBAA4898DE4FD8F3831F1C /* Sources */,
				BDC5FD676A6DCB69CF9A5547 /* Frameworks */,
				E9D2ECD780F12C432E05E7E3 /* Resources */,
			);
			buildRules = (
			);
			dependencies = (
			);
			name = SleepingRoutineForZy;
			productName = SleepingRoutineForZy;
			productReference = 5E2590FB70F938C73574C5E6 /* SleepingRoutineForZy.app */;
			productType = "com.apple.product-type.application";
		};
		6F9C7FBDBA8BE834A038CD02 /* SleepingRoutineForZyTests */ = {
			isa = PBXNativeTarget;
			buildConfigurationList = 47A4E5638C2C163BD8C66F92 /* Build configuration list for PBXNativeTarget "SleepingRoutineForZyTests" */;
			buildPhases = (
				915647CD23394D2060EB2B2E /* Sources */,
				F52846E427FD4EDD3DD84798 /* Frameworks */,
			);
			buildRules = (
			);
			dependencies = (
				83F4565806178930AD317199 /* PBXTargetDependency */,
			);
			name = SleepingRoutineForZyTests;
			productName = SleepingRoutineForZyTests;
			productReference = 822CA643D01A7501BE9C4A0A /* SleepingRoutineForZyTests.xctest */;
			productType = "com.apple.product-type.bundle.unit-test";
		};
		EA52A7BF6E2BD8FD544966E0 /* SleepingRoutineForZyUITests */ = {
			isa = PBXNativeTarget;
			buildConfigurationList = 2A237E8EA87869A71FD95E98 /* Build configuration list for PBXNativeTarget "SleepingRoutineForZyUITests" */;
			buildPhases = (
				6EB1AB413D2AC938A8BB9AFE /* Sources */,
				52FA3972B44B017F8B8A96D7 /* Frameworks */,
			);
			buildRules = (
			);
			dependencies = (
				4BC16DFAC253B41F05269211 /* PBXTargetDependency */,
			);
			name = SleepingRoutineForZyUITests;
			productName = SleepingRoutineForZyUITests;
			productReference = 6C4447C644BBD9786149AEFF /* SleepingRoutineForZyUITests.xctest */;
			productType = "com.apple.product-type.bundle.ui-testing";
		};
/* End PBXNativeTarget section */

/* Begin PBXProject section */
		55EF530A80BED84D772542B3 /* Project object */ = {
			isa = PBXProject;
			attributes = {
				BuildIndependentTargetsInParallel = 1;
				LastSwiftUpdateCheck = 1500;
				LastUpgradeCheck = 1500;
				TargetAttributes = {
					56245C93B68F8BFCF4EEC4BC = {
						CreatedOnToolsVersion = 15.0;
					};
					6F9C7FBDBA8BE834A038CD02 = {
						CreatedOnToolsVersion = 15.0;
						TestTargetID = 56245C93B68F8BFCF4EEC4BC;
					};
					EA52A7BF6E2BD8FD544966E0 = {
						CreatedOnToolsVersion = 15.0;
						TestTargetID = 56245C93B68F8BFCF4EEC4BC;
					};
				};
			};
			buildConfigurationList = 4A8DAA5EE85270C26F9F6D2C /* Build configuration list for PBXProject "SleepingRoutineForZy" */;
			compatibilityVersion = "Xcode 14.0";
			developmentRegion = en;
			hasScannedForEncodings = 0;
			knownRegions = (
				en,
				Base,
			);
			mainGroup = 8F36595D003A9A57B0EC40A3;
			productRefGroup = EEA716B804D3FB0EB7C5C0FD /* Products */;
			projectDirPath = "";
			projectRoot = "";
			targets = (
				56245C93B68F8BFCF4EEC4BC /* SleepingRoutineForZy */,
				6F9C7FBDBA8BE834A038CD02 /* SleepingRoutineForZyTests */,
				EA52A7BF6E2BD8FD544966E0 /* SleepingRoutineForZyUITests */,
			);
		};
/* End PBXProject section */

/* Begin PBXResourcesBuildPhase section */
		E9D2ECD780F12C432E05E7E3 /* Resources */ = {
			isa = PBXResourcesBuildPhase;
			buildActionMask = 2147483647;
			files = (
				14BDC7B18E79FAF786C92A07 /* Localizable.xcstrings in Resources */,
				BF77FE3B4C6F80DD72A9244C /* Assets.xcassets in Resources */,
			);
			runOnlyForDeploymentPostprocessing = 0;
		};
/* End PBXResourcesBuildPhase section */

/* Begin PBXSourcesBuildPhase section */
		63CBAA4898DE4FD8F3831F1C /* Sources */ = {
			isa = PBXSourcesBuildPhase;
			buildActionMask = 2147483647;
			files = (
				0BC02689799C63D571AD5A0E /* AppEnvironment.swift in Sources */,
				4AB41242D2D787E56C777050 /* AppState.swift in Sources */,
				0E20B210619C21E49F98669B /* RootView.swift in Sources */,
				54847FFBB2B8FC3BA1F0E471 /* SleepingRoutineForZyApp.swift in Sources */,
				35042FB828767609A9172CCC /* DomainModels.swift in Sources */,
				FE1894748C98D3D61E0E6577 /* RoutineState.swift in Sources */,
				0A11B5A33DAEC8E16975E936 /* SleepRoutineError.swift in Sources */,
				33FE58B3FFD2ADA1EEAEABDD /* SleepTimerState.swift in Sources */,
				5F663B42346A88CBDA30581E /* AdminAPIClient.swift in Sources */,
				8A4C0D81F2BEAE0A071CC33E /* APIEndpoint.swift in Sources */,
				163B2C345F7FFAFB8C6ECAFF /* SpotifyAPIClient.swift in Sources */,
				AC419976AF7DF38F235138F6 /* SpotifyAuthManager.swift in Sources */,
				BF65541354D07C871ED710DF /* SpotifyAuthTypes.swift in Sources */,
				C96716D014BE6A1D18C2DC38 /* PersistenceController.swift in Sources */,
				EB7E3D04344FED8A3C4936FF /* SwiftDataModels.swift in Sources */,
				ACC5E1BE8315F0BA1414FFF6 /* Repositories.swift in Sources */,
				0FEA29985D90568341F5F333 /* AdminCredentialStore.swift in Sources */,
				F74AF0827FFD3FDAD936F753 /* KeychainService.swift in Sources */,
				43EC05C7AA3640E1851FB578 /* SpotifyTokenStore.swift in Sources */,
				CD0A9AA67303C2AB359718F9 /* AlarmAuthorization.swift in Sources */,
				CACC0F0D54463C0A4BCA0108 /* AlarmScheduler.swift in Sources */,
				CE37F5BAF50F9A9B630F3A32 /* AlarmSchedulerAlarmKit.swift in Sources */,
				1A6FF6B0E10CFC85F95AAC2F /* AudioServiceLive.swift in Sources */,
				32D2B2439F98BEB5D83E026E /* NotificationServiceLive.swift in Sources */,
				0910E22BF44223FC4E413B8B /* ServiceProtocols.swift in Sources */,
				93695EEDEEEE3A6E0D9ACE1D /* SleepAudioSampleFactory.swift in Sources */,
				0DFA4A4E4659AA9DB942B4B0 /* SpotifyServiceLive.swift in Sources */,
				F81778A4417227A6C327A2AC /* StatusCheckInServiceLive.swift in Sources */,
				8866288B15030AAAD93C2F6E /* AppConfiguration.swift in Sources */,
				2A4112F975632BDB2DD0B6BA /* AdminMonitoringController.swift in Sources */,
				98BE7E17E0F15E3B845AE9FA /* AdminView.swift in Sources */,
				4564403F6E690DC54A0F5850 /* AdminViewModel.swift in Sources */,
				F0E320481F59C726D46289D5 /* AlarmEditorView.swift in Sources */,
				E65FF87EEAA6025EE45B2874 /* AlarmsView.swift in Sources */,
				D54EFF5CBA7270BAA5F36973 /* AlarmsViewModel.swift in Sources */,
				B5AAE5C1E38FCD53334A4C0A /* HomeView.swift in Sources */,
				5C976AB3B771FF874DB1AAF7 /* HomeViewModel.swift in Sources */,
				36D2C12ABE08156DA6688AEE /* OnboardingFlowView.swift in Sources */,
				400BAD93D16A7F93945C169C /* OnboardingViewModel.swift in Sources */,
				C2ABBEF99E066C83764C7137 /* RoutineCoordinator.swift in Sources */,
				9E14E87D5FDD3CCC6B87EBDE /* SleepRoutineController.swift in Sources */,
				69DACC3976745FA926CBC43D /* SettingsView.swift in Sources */,
				13B2A879C953690F5508996C /* SleepTimerView.swift in Sources */,
				9EDD40DB4773502EE4F1F11D /* SleepTimerViewModel.swift in Sources */,
				B1E88F193F5658FE45DA9427 /* SpotifyView.swift in Sources */,
				87BB6750002C7335600D1277 /* SpotifyViewModel.swift in Sources */,
				BCF9C67BDA98182D6ED204B2 /* CommonComponents.swift in Sources */,
				D669ED6F523667B23D07BEE2 /* View+Theme.swift in Sources */,
				9D38B0E5775BC1991DEA9796 /* AppTheme.swift in Sources */,
			);
			runOnlyForDeploymentPostprocessing = 0;
		};
		915647CD23394D2060EB2B2E /* Sources */ = {
			isa = PBXSourcesBuildPhase;
			buildActionMask = 2147483647;
			files = (
				4F092D93B9976D7055D163DD /* AdminTests.swift in Sources */,
				F8DC0787F772B0ADE85E1522 /* AlarmTests.swift in Sources */,
				D129AF85CF16C777341A1DDF /* AudioServiceTests.swift in Sources */,
				C624B4B0FAD4B8CF0BF8AC79 /* OnboardingViewModelTests.swift in Sources */,
				ACC72D6D1B0C3ABEA7F7EDC7 /* PersistenceRepositoryTests.swift in Sources */,
				B44E05452673679A2D031A14 /* Phase1FoundationTests.swift in Sources */,
				C789D57E57306B3617A2D099 /* SleepRoutineControllerTests.swift in Sources */,
				9F67E797E57379C6E73280AC /* SpotifyTests.swift in Sources */,
			);
			runOnlyForDeploymentPostprocessing = 0;
		};
		6EB1AB413D2AC938A8BB9AFE /* Sources */ = {
			isa = PBXSourcesBuildPhase;
			buildActionMask = 2147483647;
			files = (
				6F4F17851646052E492CDEF2 /* SleepingRoutineForZyUITests.swift in Sources */,
			);
			runOnlyForDeploymentPostprocessing = 0;
		};
/* End PBXSourcesBuildPhase section */

/* Begin PBXContainerItemProxy section */
		8DA7A8E242181A28A2C6A507 /* PBXContainerItemProxy */ = {
			isa = PBXContainerItemProxy;
			containerPortal = 55EF530A80BED84D772542B3 /* Project object */;
			proxyType = 1;
			remoteGlobalIDString = 56245C93B68F8BFCF4EEC4BC;
			remoteInfo = SleepingRoutineForZy;
		};
		E7AC0752D1A6A7FBD7D41CC8 /* PBXContainerItemProxy */ = {
			isa = PBXContainerItemProxy;
			containerPortal = 55EF530A80BED84D772542B3 /* Project object */;
			proxyType = 1;
			remoteGlobalIDString = 56245C93B68F8BFCF4EEC4BC;
			remoteInfo = SleepingRoutineForZy;
		};
/* End PBXContainerItemProxy section */

/* Begin PBXTargetDependency section */
		83F4565806178930AD317199 /* PBXTargetDependency */ = {
			isa = PBXTargetDependency;
			target = 56245C93B68F8BFCF4EEC4BC /* SleepingRoutineForZy */;
			targetProxy = 8DA7A8E242181A28A2C6A507 /* PBXContainerItemProxy */;
		};
		4BC16DFAC253B41F05269211 /* PBXTargetDependency */ = {
			isa = PBXTargetDependency;
			target = 56245C93B68F8BFCF4EEC4BC /* SleepingRoutineForZy */;
			targetProxy = E7AC0752D1A6A7FBD7D41CC8 /* PBXContainerItemProxy */;
		};
/* End PBXTargetDependency section */

/* Begin XCBuildConfiguration section */
		BD353E2122B05CDD4421185E /* Debug */ = {
			isa = XCBuildConfiguration;
			buildSettings = {
				ALWAYS_SEARCH_USER_PATHS = NO;
				CLANG_ENABLE_MODULES = YES;
				CLANG_ENABLE_OBJC_ARC = YES;
				COPY_PHASE_STRIP = NO;
				DEBUG_INFORMATION_FORMAT = dwarf;
				ENABLE_TESTABILITY = YES;
				GCC_DYNAMIC_NO_PIC = NO;
				IPHONEOS_DEPLOYMENT_TARGET = 17.4;
				ONLY_ACTIVE_ARCH = YES;
				SDKROOT = iphoneos;
				SWIFT_ACTIVE_COMPILATION_CONDITIONS = "DEBUG $(inherited)";
				SWIFT_OPTIMIZATION_LEVEL = "-Onone";
				SWIFT_VERSION = 5.0;
			};
			name = Debug;
		};
		9FA989F7A237B1089FBDB8B2 /* Release */ = {
			isa = XCBuildConfiguration;
			buildSettings = {
				ALWAYS_SEARCH_USER_PATHS = NO;
				CLANG_ENABLE_MODULES = YES;
				CLANG_ENABLE_OBJC_ARC = YES;
				COPY_PHASE_STRIP = NO;
				DEBUG_INFORMATION_FORMAT = "dwarf-with-dsym";
				IPHONEOS_DEPLOYMENT_TARGET = 17.4;
				SDKROOT = iphoneos;
				SWIFT_COMPILATION_MODE = wholemodule;
				SWIFT_VERSION = 5.0;
				VALIDATE_PRODUCT = YES;
			};
			name = Release;
		};
		D1FB06EC8CA1837ECB9B900F /* Debug */ = {
			isa = XCBuildConfiguration;
			baseConfigurationReference = 003915493F8E4A2E678C9529 /* Debug.xcconfig */;
			buildSettings = {
				ASSETCATALOG_COMPILER_APPICON_NAME = AppIcon;
				ASSETCATALOG_COMPILER_GLOBAL_ACCENT_COLOR_NAME = AccentColor;
				CODE_SIGN_STYLE = Automatic;
				CURRENT_PROJECT_VERSION = 1;
				DEVELOPMENT_TEAM = "";
				ENABLE_PREVIEWS = YES;
				ENABLE_TESTABILITY = YES;
				GENERATE_INFOPLIST_FILE = NO;
				INFOPLIST_FILE = SleepingRoutineForZy/Resources/Info.plist;
				CODE_SIGN_ENTITLEMENTS = SleepingRoutineForZy/SleepingRoutineForZy.entitlements;
				INFOPLIST_KEY_UIApplicationSupportsIndirectInputEvents = YES;
				LD_RUNPATH_SEARCH_PATHS = (
					"$(inherited)",
					"@executable_path/Frameworks",
				);
				MARKETING_VERSION = 0.1.0;
				PRODUCT_BUNDLE_IDENTIFIER = com.zy.sleepingroutine;
				PRODUCT_NAME = "$(TARGET_NAME)";
				SUPPORTED_PLATFORMS = "iphoneos iphonesimulator";
				SUPPORTS_MACCATALYST = NO;
				SWIFT_EMIT_LOC_STRINGS = YES;
				SWIFT_VERSION = 5.0;
				TARGETED_DEVICE_FAMILY = 1;
			};
			name = Debug;
		};
		20C4190366BDCF9DBDD58E85 /* Release */ = {
			isa = XCBuildConfiguration;
			baseConfigurationReference = 9AC7328C2D4FA7890E9EBB73 /* Release.xcconfig */;
			buildSettings = {
				ASSETCATALOG_COMPILER_APPICON_NAME = AppIcon;
				ASSETCATALOG_COMPILER_GLOBAL_ACCENT_COLOR_NAME = AccentColor;
				CODE_SIGN_STYLE = Automatic;
				CURRENT_PROJECT_VERSION = 1;
				DEVELOPMENT_TEAM = "";
				ENABLE_PREVIEWS = YES;
				ENABLE_TESTABILITY = YES;
				GENERATE_INFOPLIST_FILE = NO;
				INFOPLIST_FILE = SleepingRoutineForZy/Resources/Info.plist;
				CODE_SIGN_ENTITLEMENTS = SleepingRoutineForZy/SleepingRoutineForZy.entitlements;
				INFOPLIST_KEY_UIApplicationSupportsIndirectInputEvents = YES;
				LD_RUNPATH_SEARCH_PATHS = (
					"$(inherited)",
					"@executable_path/Frameworks",
				);
				MARKETING_VERSION = 0.1.0;
				PRODUCT_BUNDLE_IDENTIFIER = com.zy.sleepingroutine;
				PRODUCT_NAME = "$(TARGET_NAME)";
				SUPPORTED_PLATFORMS = "iphoneos iphonesimulator";
				SUPPORTS_MACCATALYST = NO;
				SWIFT_EMIT_LOC_STRINGS = YES;
				SWIFT_VERSION = 5.0;
				TARGETED_DEVICE_FAMILY = 1;
			};
			name = Release;
		};
		DD7CD37756372C729363718C /* Debug */ = {
			isa = XCBuildConfiguration;
			buildSettings = {
				BUNDLE_LOADER = "$(TEST_HOST)";
				CODE_SIGN_STYLE = Automatic;
				CURRENT_PROJECT_VERSION = 1;
				GENERATE_INFOPLIST_FILE = YES;
				IPHONEOS_DEPLOYMENT_TARGET = 17.4;
				MARKETING_VERSION = 0.1.0;
				PRODUCT_BUNDLE_IDENTIFIER = com.zy.sleepingroutine.tests;
				PRODUCT_NAME = "$(TARGET_NAME)";
				SWIFT_VERSION = 5.0;
				TARGETED_DEVICE_FAMILY = 1;
				TEST_HOST = "$(BUILT_PRODUCTS_DIR)/SleepingRoutineForZy.app/$(BUNDLE_EXECUTABLE_FOLDER_PATH)/SleepingRoutineForZy";
			};
			name = Debug;
		};
		9ECF68EE28BF61754F217476 /* Release */ = {
			isa = XCBuildConfiguration;
			buildSettings = {
				BUNDLE_LOADER = "$(TEST_HOST)";
				CODE_SIGN_STYLE = Automatic;
				CURRENT_PROJECT_VERSION = 1;
				GENERATE_INFOPLIST_FILE = YES;
				IPHONEOS_DEPLOYMENT_TARGET = 17.4;
				MARKETING_VERSION = 0.1.0;
				PRODUCT_BUNDLE_IDENTIFIER = com.zy.sleepingroutine.tests;
				PRODUCT_NAME = "$(TARGET_NAME)";
				SWIFT_VERSION = 5.0;
				TARGETED_DEVICE_FAMILY = 1;
				TEST_HOST = "$(BUILT_PRODUCTS_DIR)/SleepingRoutineForZy.app/$(BUNDLE_EXECUTABLE_FOLDER_PATH)/SleepingRoutineForZy";
			};
			name = Release;
		};
		F9BE0FE2FA0408C40E39E868 /* Debug */ = {
			isa = XCBuildConfiguration;
			buildSettings = {
				CODE_SIGN_STYLE = Automatic;
				CURRENT_PROJECT_VERSION = 1;
				GENERATE_INFOPLIST_FILE = YES;
				MARKETING_VERSION = 0.1.0;
				PRODUCT_BUNDLE_IDENTIFIER = com.zy.sleepingroutine.uitests;
				PRODUCT_NAME = "$(TARGET_NAME)";
				SWIFT_VERSION = 5.0;
				TARGETED_DEVICE_FAMILY = 1;
				TEST_TARGET_NAME = SleepingRoutineForZy;
			};
			name = Debug;
		};
		05FDB66D43465040179807F6 /* Release */ = {
			isa = XCBuildConfiguration;
			buildSettings = {
				CODE_SIGN_STYLE = Automatic;
				CURRENT_PROJECT_VERSION = 1;
				GENERATE_INFOPLIST_FILE = YES;
				MARKETING_VERSION = 0.1.0;
				PRODUCT_BUNDLE_IDENTIFIER = com.zy.sleepingroutine.uitests;
				PRODUCT_NAME = "$(TARGET_NAME)";
				SWIFT_VERSION = 5.0;
				TARGETED_DEVICE_FAMILY = 1;
				TEST_TARGET_NAME = SleepingRoutineForZy;
			};
			name = Release;
		};
/* End XCBuildConfiguration section */

/* Begin XCConfigurationList section */
		4A8DAA5EE85270C26F9F6D2C /* Build configuration list for PBXProject "SleepingRoutineForZy" */ = {
			isa = XCConfigurationList;
			buildConfigurations = (
				BD353E2122B05CDD4421185E /* Debug */,
				9FA989F7A237B1089FBDB8B2 /* Release */,
			);
			defaultConfigurationIsVisible = 0;
			defaultConfigurationName = Release;
		};
		6A9461A035F3BB4D37C6E2BE /* Build configuration list for PBXNativeTarget "SleepingRoutineForZy" */ = {
			isa = XCConfigurationList;
			buildConfigurations = (
				D1FB06EC8CA1837ECB9B900F /* Debug */,
				20C4190366BDCF9DBDD58E85 /* Release */,
			);
			defaultConfigurationIsVisible = 0;
			defaultConfigurationName = Release;
		};
		47A4E5638C2C163BD8C66F92 /* Build configuration list for PBXNativeTarget "SleepingRoutineForZyTests" */ = {
			isa = XCConfigurationList;
			buildConfigurations = (
				DD7CD37756372C729363718C /* Debug */,
				9ECF68EE28BF61754F217476 /* Release */,
			);
			defaultConfigurationIsVisible = 0;
			defaultConfigurationName = Release;
		};
		2A237E8EA87869A71FD95E98 /* Build configuration list for PBXNativeTarget "SleepingRoutineForZyUITests" */ = {
			isa = XCConfigurationList;
			buildConfigurations = (
				F9BE0FE2FA0408C40E39E868 /* Debug */,
				05FDB66D43465040179807F6 /* Release */,
			);
			defaultConfigurationIsVisible = 0;
			defaultConfigurationName = Release;
		};
/* End XCConfigurationList section */
	};
	rootObject = 55EF530A80BED84D772542B3 /* Project object */;
}
