// !$*UTF8*$!
{
	archiveVersion = 1;
	classes = {
	};
	objectVersion = 56;
	objects = {

/* Begin PBXBuildFile section */
		7746B99F40844AD5415354FF /* AppEnvironment.swift in Sources */ = {isa = PBXBuildFile; fileRef = E70C20FFD0EEEBD6E06830AC /* AppEnvironment.swift */; };
		3D5D84E3437C677FAD63DA05 /* AppState.swift in Sources */ = {isa = PBXBuildFile; fileRef = E88C92BDC2CBD8C1E90B8068 /* AppState.swift */; };
		FDFD223648B9148996260F7F /* RootView.swift in Sources */ = {isa = PBXBuildFile; fileRef = 2230BF24860081429BAB11BC /* RootView.swift */; };
		5C0120F44C87328E5E9C3E6E /* SleepingRoutineForZyApp.swift in Sources */ = {isa = PBXBuildFile; fileRef = E3A7B08D687EA422D8B65431 /* SleepingRoutineForZyApp.swift */; };
		1B1E28A349B1717399C5961B /* DomainModels.swift in Sources */ = {isa = PBXBuildFile; fileRef = F33861AFA45584D2A2D09D99 /* DomainModels.swift */; };
		65C6D9E289D2E2719E91469B /* RoutineState.swift in Sources */ = {isa = PBXBuildFile; fileRef = 8E599266EDC4A40C3F86B89C /* RoutineState.swift */; };
		56C3B8D590AD1E91BADD91D2 /* SleepRoutineError.swift in Sources */ = {isa = PBXBuildFile; fileRef = 3111113633FC711A6DC47F1B /* SleepRoutineError.swift */; };
		E669FF57F6D6C58C706637B9 /* SleepTimerState.swift in Sources */ = {isa = PBXBuildFile; fileRef = 82627A5B904213E4ED3D7144 /* SleepTimerState.swift */; };
		703D7AAF410319588E024AD1 /* AdminAPIClient.swift in Sources */ = {isa = PBXBuildFile; fileRef = AAE1D9ABDFC61E8DEEDE18F8 /* AdminAPIClient.swift */; };
		F2F0682D5C64043C2F08778C /* APIEndpoint.swift in Sources */ = {isa = PBXBuildFile; fileRef = 37CDC30B9CBC60C04A8C4858 /* APIEndpoint.swift */; };
		DD0748CF8EA35612CE806D0E /* SpotifyAPIClient.swift in Sources */ = {isa = PBXBuildFile; fileRef = 321567A7140B820C9F9191E9 /* SpotifyAPIClient.swift */; };
		DBE1F1AB50D705D91985514A /* SpotifyAuthManager.swift in Sources */ = {isa = PBXBuildFile; fileRef = E024889A77769ECF167E55FB /* SpotifyAuthManager.swift */; };
		B1AB7B230C5109E731653761 /* SpotifyAuthTypes.swift in Sources */ = {isa = PBXBuildFile; fileRef = 949812507ED4651404942EB4 /* SpotifyAuthTypes.swift */; };
		7F1AB39599B4932341CD608A /* PersistenceController.swift in Sources */ = {isa = PBXBuildFile; fileRef = 3D3BC6624FD19C19677F3455 /* PersistenceController.swift */; };
		B9BABCF2D329CD3D839014CA /* SwiftDataModels.swift in Sources */ = {isa = PBXBuildFile; fileRef = F207FA55767FD46CC118F621 /* SwiftDataModels.swift */; };
		2DD39C441ED1A1FA660E2938 /* Repositories.swift in Sources */ = {isa = PBXBuildFile; fileRef = CB319DA4E68540F6A8E699AF /* Repositories.swift */; };
		306C545BE08B043C612BD7FB /* AdminCredentialStore.swift in Sources */ = {isa = PBXBuildFile; fileRef = 12832A02C605F29A1DFDC691 /* AdminCredentialStore.swift */; };
		938A49935208B664DB3DA727 /* KeychainService.swift in Sources */ = {isa = PBXBuildFile; fileRef = 70ED913682B91C962634B543 /* KeychainService.swift */; };
		41AE24046FE8A8B146B5E243 /* SpotifyTokenStore.swift in Sources */ = {isa = PBXBuildFile; fileRef = 82866CA57C018545C6C8E70B /* SpotifyTokenStore.swift */; };
		3D0291EFA92EDBB449EE2EB3 /* AlarmScheduler.swift in Sources */ = {isa = PBXBuildFile; fileRef = 1D2486BC2074FE90FB9E5848 /* AlarmScheduler.swift */; };
		29419F28CE2B9F8331115225 /* AudioServiceLive.swift in Sources */ = {isa = PBXBuildFile; fileRef = 8BDCFF49E6CE5A278F157654 /* AudioServiceLive.swift */; };
		C2B8203024A5FAC3DF26CA93 /* NotificationServiceLive.swift in Sources */ = {isa = PBXBuildFile; fileRef = 3878E1D2518772F6F3329CFB /* NotificationServiceLive.swift */; };
		0E020FD86ADACF75AEBB53EF /* ServiceProtocols.swift in Sources */ = {isa = PBXBuildFile; fileRef = E6DC79172E4F69CF5D4A6C96 /* ServiceProtocols.swift */; };
		30D1D6CA1AA1F48C1528C53A /* SleepAudioSampleFactory.swift in Sources */ = {isa = PBXBuildFile; fileRef = E1C8983A0DA6EEB12F827907 /* SleepAudioSampleFactory.swift */; };
		BC8BE3DABD269ED82F2BFEE7 /* SpotifyServiceLive.swift in Sources */ = {isa = PBXBuildFile; fileRef = 02AAC9A51D5CFA7FC6438A2B /* SpotifyServiceLive.swift */; };
		B37EC2AD8694DB773C18465A /* StatusCheckInServiceLive.swift in Sources */ = {isa = PBXBuildFile; fileRef = A04FB199D3E4A303F810BE28 /* StatusCheckInServiceLive.swift */; };
		2D52AAEDD325A0F266869D4F /* AppConfiguration.swift in Sources */ = {isa = PBXBuildFile; fileRef = E0DEE13B51508CE2B1DBA494 /* AppConfiguration.swift */; };
		1B0090D84F73D47E46B84470 /* AdminMonitoringController.swift in Sources */ = {isa = PBXBuildFile; fileRef = D88D0CC7BBCFDD46C376AB02 /* AdminMonitoringController.swift */; };
		878688B7A0E20775E88C9606 /* AdminView.swift in Sources */ = {isa = PBXBuildFile; fileRef = 9CA17D10A616B5CFF5DDD128 /* AdminView.swift */; };
		7A06EFA04527F1F0ED0B689E /* AdminViewModel.swift in Sources */ = {isa = PBXBuildFile; fileRef = B53D0715CA212AA9207FAFE7 /* AdminViewModel.swift */; };
		03AFC36A8286C71ED25AFB34 /* AlarmEditorView.swift in Sources */ = {isa = PBXBuildFile; fileRef = 2E447CE30981A54FAF1C3A47 /* AlarmEditorView.swift */; };
		DB300875D813CCE94E4FD820 /* AlarmsView.swift in Sources */ = {isa = PBXBuildFile; fileRef = 5755997DFC9F2875D716E6F8 /* AlarmsView.swift */; };
		0E46037936A680EB51F55122 /* AlarmsViewModel.swift in Sources */ = {isa = PBXBuildFile; fileRef = CD5BBEF0F22A5ED1A792245A /* AlarmsViewModel.swift */; };
		84BB6CE5ABB3442859D9A799 /* HomeView.swift in Sources */ = {isa = PBXBuildFile; fileRef = DAC55FDA24D874D80C7C668C /* HomeView.swift */; };
		84D944029D56777B9B2E9656 /* HomeViewModel.swift in Sources */ = {isa = PBXBuildFile; fileRef = 0920A33DC75366AACDF76C6F /* HomeViewModel.swift */; };
		AD6B0A02ED8D65988617F82E /* OnboardingFlowView.swift in Sources */ = {isa = PBXBuildFile; fileRef = F2ED97BAC49BA9CBD4BA8E9A /* OnboardingFlowView.swift */; };
		261A5955E5E8F4453ACA721E /* OnboardingViewModel.swift in Sources */ = {isa = PBXBuildFile; fileRef = 1646830E0177A52AFBCEA39A /* OnboardingViewModel.swift */; };
		81629196CF8DA06667A0E7CC /* RoutineCoordinator.swift in Sources */ = {isa = PBXBuildFile; fileRef = 3A168DCB38F842374178A751 /* RoutineCoordinator.swift */; };
		4252B2D8946DFFAB01FB359C /* SleepRoutineController.swift in Sources */ = {isa = PBXBuildFile; fileRef = 427C5BE90584F26165589347 /* SleepRoutineController.swift */; };
		E5CDFFB705EB45F90FFBF935 /* SettingsView.swift in Sources */ = {isa = PBXBuildFile; fileRef = 3E2D0434D7E33641676E84B3 /* SettingsView.swift */; };
		5D82B7B8D8C1E2265C47FC8B /* SleepTimerView.swift in Sources */ = {isa = PBXBuildFile; fileRef = EF6045899D2F1CC8BC9BA225 /* SleepTimerView.swift */; };
		903063AFD44B3B52AEEBA3A2 /* SleepTimerViewModel.swift in Sources */ = {isa = PBXBuildFile; fileRef = CA3EFD8748F790261589E658 /* SleepTimerViewModel.swift */; };
		E9650874B7175FCC3BE44D4B /* SpotifyView.swift in Sources */ = {isa = PBXBuildFile; fileRef = 530F64C4E92CEB7D69616279 /* SpotifyView.swift */; };
		0DA12DB107E3A7B7BA522F19 /* SpotifyViewModel.swift in Sources */ = {isa = PBXBuildFile; fileRef = 8A3063A236E5052D3E1B08FF /* SpotifyViewModel.swift */; };
		5F5D33308D71969D841FE4C8 /* CommonComponents.swift in Sources */ = {isa = PBXBuildFile; fileRef = 0C42D83A83ADEC2D06EEF18D /* CommonComponents.swift */; };
		89B57B61293B3CAC95E9A4D5 /* View+Theme.swift in Sources */ = {isa = PBXBuildFile; fileRef = 796EDC52FC6770F9C0924824 /* View+Theme.swift */; };
		84350034FABE7337F08522DD /* AppTheme.swift in Sources */ = {isa = PBXBuildFile; fileRef = 7E074966A832B3EEE7413BE8 /* AppTheme.swift */; };
		75F7D7F9D756250666253136 /* Localizable.xcstrings in Resources */ = {isa = PBXBuildFile; fileRef = 103E099495CECE5214A4AF1E /* Localizable.xcstrings */; };
		E97FDD523F42254DD9B1054E /* Assets.xcassets in Resources */ = {isa = PBXBuildFile; fileRef = E2F28611255C7A1C1873380C /* Assets.xcassets */; };
		B739399D6C30B5FC58F43979 /* AdminTests.swift in Sources */ = {isa = PBXBuildFile; fileRef = 0D19A9D8E0736EAFE2A074DD /* AdminTests.swift */; };
		EC7EB528A7A05B31F6AAC8C1 /* AlarmTests.swift in Sources */ = {isa = PBXBuildFile; fileRef = 73487E4EB88268283984E93C /* AlarmTests.swift */; };
		B9CA75BDEC7EEDA86D5A9334 /* AudioServiceTests.swift in Sources */ = {isa = PBXBuildFile; fileRef = 11F6A92667FBF21E04A0A44C /* AudioServiceTests.swift */; };
		B80C1520F81957FF91522F23 /* OnboardingViewModelTests.swift in Sources */ = {isa = PBXBuildFile; fileRef = 075C1CFD75B246653585B301 /* OnboardingViewModelTests.swift */; };
		8B0561827ADF756B10A4E9B6 /* PersistenceRepositoryTests.swift in Sources */ = {isa = PBXBuildFile; fileRef = EC00CB5C1BE6373EDD4412F4 /* PersistenceRepositoryTests.swift */; };
		FC7F7B76BBACEBDEFD861365 /* Phase1FoundationTests.swift in Sources */ = {isa = PBXBuildFile; fileRef = 92C3F42D56186AFC09F90832 /* Phase1FoundationTests.swift */; };
		AB756A61BD8FADDB57F23D51 /* SleepRoutineControllerTests.swift in Sources */ = {isa = PBXBuildFile; fileRef = 94BB89F25FE6211B86C9E9DD /* SleepRoutineControllerTests.swift */; };
		AB67EC98A77F06FA39C5A31B /* SpotifyTests.swift in Sources */ = {isa = PBXBuildFile; fileRef = CD68BDD7E8C4ABF068D6B0CE /* SpotifyTests.swift */; };
		3B8BDBBBC21346A581501C57 /* SleepingRoutineForZyUITests.swift in Sources */ = {isa = PBXBuildFile; fileRef = 1F445BA85FBFB64D59F585D6 /* SleepingRoutineForZyUITests.swift */; };
/* End PBXBuildFile section */

/* Begin PBXFileReference section */
		E70C20FFD0EEEBD6E06830AC /* AppEnvironment.swift */ = {isa = PBXFileReference; lastKnownFileType = sourcecode.swift; path = "SleepingRoutineForZy/App/AppEnvironment.swift"; sourceTree = SOURCE_ROOT; };
		E88C92BDC2CBD8C1E90B8068 /* AppState.swift */ = {isa = PBXFileReference; lastKnownFileType = sourcecode.swift; path = "SleepingRoutineForZy/App/AppState.swift"; sourceTree = SOURCE_ROOT; };
		2230BF24860081429BAB11BC /* RootView.swift */ = {isa = PBXFileReference; lastKnownFileType = sourcecode.swift; path = "SleepingRoutineForZy/App/RootView.swift"; sourceTree = SOURCE_ROOT; };
		E3A7B08D687EA422D8B65431 /* SleepingRoutineForZyApp.swift */ = {isa = PBXFileReference; lastKnownFileType = sourcecode.swift; path = "SleepingRoutineForZy/App/SleepingRoutineForZyApp.swift"; sourceTree = SOURCE_ROOT; };
		F33861AFA45584D2A2D09D99 /* DomainModels.swift */ = {isa = PBXFileReference; lastKnownFileType = sourcecode.swift; path = "SleepingRoutineForZy/Core/Models/DomainModels.swift"; sourceTree = SOURCE_ROOT; };
		8E599266EDC4A40C3F86B89C /* RoutineState.swift */ = {isa = PBXFileReference; lastKnownFileType = sourcecode.swift; path = "SleepingRoutineForZy/Core/Models/RoutineState.swift"; sourceTree = SOURCE_ROOT; };
		3111113633FC711A6DC47F1B /* SleepRoutineError.swift */ = {isa = PBXFileReference; lastKnownFileType = sourcecode.swift; path = "SleepingRoutineForZy/Core/Models/SleepRoutineError.swift"; sourceTree = SOURCE_ROOT; };
		82627A5B904213E4ED3D7144 /* SleepTimerState.swift */ = {isa = PBXFileReference; lastKnownFileType = sourcecode.swift; path = "SleepingRoutineForZy/Core/Models/SleepTimerState.swift"; sourceTree = SOURCE_ROOT; };
		AAE1D9ABDFC61E8DEEDE18F8 /* AdminAPIClient.swift */ = {isa = PBXFileReference; lastKnownFileType = sourcecode.swift; path = "SleepingRoutineForZy/Core/Networking/AdminAPIClient.swift"; sourceTree = SOURCE_ROOT; };
		37CDC30B9CBC60C04A8C4858 /* APIEndpoint.swift */ = {isa = PBXFileReference; lastKnownFileType = sourcecode.swift; path = "SleepingRoutineForZy/Core/Networking/APIEndpoint.swift"; sourceTree = SOURCE_ROOT; };
		321567A7140B820C9F9191E9 /* SpotifyAPIClient.swift */ = {isa = PBXFileReference; lastKnownFileType = sourcecode.swift; path = "SleepingRoutineForZy/Core/Networking/SpotifyAPIClient.swift"; sourceTree = SOURCE_ROOT; };
		E024889A77769ECF167E55FB /* SpotifyAuthManager.swift */ = {isa = PBXFileReference; lastKnownFileType = sourcecode.swift; path = "SleepingRoutineForZy/Core/Networking/SpotifyAuthManager.swift"; sourceTree = SOURCE_ROOT; };
		949812507ED4651404942EB4 /* SpotifyAuthTypes.swift */ = {isa = PBXFileReference; lastKnownFileType = sourcecode.swift; path = "SleepingRoutineForZy/Core/Networking/SpotifyAuthTypes.swift"; sourceTree = SOURCE_ROOT; };
		3D3BC6624FD19C19677F3455 /* PersistenceController.swift */ = {isa = PBXFileReference; lastKnownFileType = sourcecode.swift; path = "SleepingRoutineForZy/Core/Persistence/PersistenceController.swift"; sourceTree = SOURCE_ROOT; };
		F207FA55767FD46CC118F621 /* SwiftDataModels.swift */ = {isa = PBXFileReference; lastKnownFileType = sourcecode.swift; path = "SleepingRoutineForZy/Core/Persistence/SwiftDataModels.swift"; sourceTree = SOURCE_ROOT; };
		CB319DA4E68540F6A8E699AF /* Repositories.swift */ = {isa = PBXFileReference; lastKnownFileType = sourcecode.swift; path = "SleepingRoutineForZy/Core/Repositories/Repositories.swift"; sourceTree = SOURCE_ROOT; };
		12832A02C605F29A1DFDC691 /* AdminCredentialStore.swift */ = {isa = PBXFileReference; lastKnownFileType = sourcecode.swift; path = "SleepingRoutineForZy/Core/Security/AdminCredentialStore.swift"; sourceTree = SOURCE_ROOT; };
		70ED913682B91C962634B543 /* KeychainService.swift */ = {isa = PBXFileReference; lastKnownFileType = sourcecode.swift; path = "SleepingRoutineForZy/Core/Security/KeychainService.swift"; sourceTree = SOURCE_ROOT; };
		82866CA57C018545C6C8E70B /* SpotifyTokenStore.swift */ = {isa = PBXFileReference; lastKnownFileType = sourcecode.swift; path = "SleepingRoutineForZy/Core/Security/SpotifyTokenStore.swift"; sourceTree = SOURCE_ROOT; };
		1D2486BC2074FE90FB9E5848 /* AlarmScheduler.swift */ = {isa = PBXFileReference; lastKnownFileType = sourcecode.swift; path = "SleepingRoutineForZy/Core/Services/AlarmScheduler.swift"; sourceTree = SOURCE_ROOT; };
		8BDCFF49E6CE5A278F157654 /* AudioServiceLive.swift */ = {isa = PBXFileReference; lastKnownFileType = sourcecode.swift; path = "SleepingRoutineForZy/Core/Services/AudioServiceLive.swift"; sourceTree = SOURCE_ROOT; };
		3878E1D2518772F6F3329CFB /* NotificationServiceLive.swift */ = {isa = PBXFileReference; lastKnownFileType = sourcecode.swift; path = "SleepingRoutineForZy/Core/Services/NotificationServiceLive.swift"; sourceTree = SOURCE_ROOT; };
		E6DC79172E4F69CF5D4A6C96 /* ServiceProtocols.swift */ = {isa = PBXFileReference; lastKnownFileType = sourcecode.swift; path = "SleepingRoutineForZy/Core/Services/ServiceProtocols.swift"; sourceTree = SOURCE_ROOT; };
		E1C8983A0DA6EEB12F827907 /* SleepAudioSampleFactory.swift */ = {isa = PBXFileReference; lastKnownFileType = sourcecode.swift; path = "SleepingRoutineForZy/Core/Services/SleepAudioSampleFactory.swift"; sourceTree = SOURCE_ROOT; };
		02AAC9A51D5CFA7FC6438A2B /* SpotifyServiceLive.swift */ = {isa = PBXFileReference; lastKnownFileType = sourcecode.swift; path = "SleepingRoutineForZy/Core/Services/SpotifyServiceLive.swift"; sourceTree = SOURCE_ROOT; };
		A04FB199D3E4A303F810BE28 /* StatusCheckInServiceLive.swift */ = {isa = PBXFileReference; lastKnownFileType = sourcecode.swift; path = "SleepingRoutineForZy/Core/Services/StatusCheckInServiceLive.swift"; sourceTree = SOURCE_ROOT; };
		E0DEE13B51508CE2B1DBA494 /* AppConfiguration.swift */ = {isa = PBXFileReference; lastKnownFileType = sourcecode.swift; path = "SleepingRoutineForZy/Core/Utilities/AppConfiguration.swift"; sourceTree = SOURCE_ROOT; };
		D88D0CC7BBCFDD46C376AB02 /* AdminMonitoringController.swift */ = {isa = PBXFileReference; lastKnownFileType = sourcecode.swift; path = "SleepingRoutineForZy/Features/Admin/AdminMonitoringController.swift"; sourceTree = SOURCE_ROOT; };
		9CA17D10A616B5CFF5DDD128 /* AdminView.swift */ = {isa = PBXFileReference; lastKnownFileType = sourcecode.swift; path = "SleepingRoutineForZy/Features/Admin/AdminView.swift"; sourceTree = SOURCE_ROOT; };
		B53D0715CA212AA9207FAFE7 /* AdminViewModel.swift */ = {isa = PBXFileReference; lastKnownFileType = sourcecode.swift; path = "SleepingRoutineForZy/Features/Admin/AdminViewModel.swift"; sourceTree = SOURCE_ROOT; };
		2E447CE30981A54FAF1C3A47 /* AlarmEditorView.swift */ = {isa = PBXFileReference; lastKnownFileType = sourcecode.swift; path = "SleepingRoutineForZy/Features/Alarms/AlarmEditorView.swift"; sourceTree = SOURCE_ROOT; };
		5755997DFC9F2875D716E6F8 /* AlarmsView.swift */ = {isa = PBXFileReference; lastKnownFileType = sourcecode.swift; path = "SleepingRoutineForZy/Features/Alarms/AlarmsView.swift"; sourceTree = SOURCE_ROOT; };
		CD5BBEF0F22A5ED1A792245A /* AlarmsViewModel.swift */ = {isa = PBXFileReference; lastKnownFileType = sourcecode.swift; path = "SleepingRoutineForZy/Features/Alarms/AlarmsViewModel.swift"; sourceTree = SOURCE_ROOT; };
		DAC55FDA24D874D80C7C668C /* HomeView.swift */ = {isa = PBXFileReference; lastKnownFileType = sourcecode.swift; path = "SleepingRoutineForZy/Features/Home/HomeView.swift"; sourceTree = SOURCE_ROOT; };
		0920A33DC75366AACDF76C6F /* HomeViewModel.swift */ = {isa = PBXFileReference; lastKnownFileType = sourcecode.swift; path = "SleepingRoutineForZy/Features/Home/HomeViewModel.swift"; sourceTree = SOURCE_ROOT; };
		F2ED97BAC49BA9CBD4BA8E9A /* OnboardingFlowView.swift */ = {isa = PBXFileReference; lastKnownFileType = sourcecode.swift; path = "SleepingRoutineForZy/Features/Onboarding/OnboardingFlowView.swift"; sourceTree = SOURCE_ROOT; };
		1646830E0177A52AFBCEA39A /* OnboardingViewModel.swift */ = {isa = PBXFileReference; lastKnownFileType = sourcecode.swift; path = "SleepingRoutineForZy/Features/Onboarding/OnboardingViewModel.swift"; sourceTree = SOURCE_ROOT; };
		3A168DCB38F842374178A751 /* RoutineCoordinator.swift */ = {isa = PBXFileReference; lastKnownFileType = sourcecode.swift; path = "SleepingRoutineForZy/Features/Routine/RoutineCoordinator.swift"; sourceTree = SOURCE_ROOT; };
		427C5BE90584F26165589347 /* SleepRoutineController.swift */ = {isa = PBXFileReference; lastKnownFileType = sourcecode.swift; path = "SleepingRoutineForZy/Features/Routine/SleepRoutineController.swift"; sourceTree = SOURCE_ROOT; };
		3E2D0434D7E33641676E84B3 /* SettingsView.swift */ = {isa = PBXFileReference; lastKnownFileType = sourcecode.swift; path = "SleepingRoutineForZy/Features/Settings/SettingsView.swift"; sourceTree = SOURCE_ROOT; };
		EF6045899D2F1CC8BC9BA225 /* SleepTimerView.swift */ = {isa = PBXFileReference; lastKnownFileType = sourcecode.swift; path = "SleepingRoutineForZy/Features/SleepTimer/SleepTimerView.swift"; sourceTree = SOURCE_ROOT; };
		CA3EFD8748F790261589E658 /* SleepTimerViewModel.swift */ = {isa = PBXFileReference; lastKnownFileType = sourcecode.swift; path = "SleepingRoutineForZy/Features/SleepTimer/SleepTimerViewModel.swift"; sourceTree = SOURCE_ROOT; };
		530F64C4E92CEB7D69616279 /* SpotifyView.swift */ = {isa = PBXFileReference; lastKnownFileType = sourcecode.swift; path = "SleepingRoutineForZy/Features/Spotify/SpotifyView.swift"; sourceTree = SOURCE_ROOT; };
		8A3063A236E5052D3E1B08FF /* SpotifyViewModel.swift */ = {isa = PBXFileReference; lastKnownFileType = sourcecode.swift; path = "SleepingRoutineForZy/Features/Spotify/SpotifyViewModel.swift"; sourceTree = SOURCE_ROOT; };
		0C42D83A83ADEC2D06EEF18D /* CommonComponents.swift */ = {isa = PBXFileReference; lastKnownFileType = sourcecode.swift; path = "SleepingRoutineForZy/UI/Components/CommonComponents.swift"; sourceTree = SOURCE_ROOT; };
		796EDC52FC6770F9C0924824 /* View+Theme.swift */ = {isa = PBXFileReference; lastKnownFileType = sourcecode.swift; path = "SleepingRoutineForZy/UI/Extensions/View+Theme.swift"; sourceTree = SOURCE_ROOT; };
		7E074966A832B3EEE7413BE8 /* AppTheme.swift */ = {isa = PBXFileReference; lastKnownFileType = sourcecode.swift; path = "SleepingRoutineForZy/UI/Theme/AppTheme.swift"; sourceTree = SOURCE_ROOT; };
		7C5AA35AB97FE18FAB684E24 /* Info.plist */ = {isa = PBXFileReference; lastKnownFileType = text.plist.xml; path = "SleepingRoutineForZy/Resources/Info.plist"; sourceTree = SOURCE_ROOT; };
		103E099495CECE5214A4AF1E /* Localizable.xcstrings */ = {isa = PBXFileReference; lastKnownFileType = text.json.xcstrings; path = "SleepingRoutineForZy/Resources/Localizable.xcstrings"; sourceTree = SOURCE_ROOT; };
		E2F28611255C7A1C1873380C /* Assets.xcassets */ = {isa = PBXFileReference; lastKnownFileType = folder.assetcatalog; path = "SleepingRoutineForZy/Resources/Assets.xcassets"; sourceTree = SOURCE_ROOT; };
		0D19A9D8E0736EAFE2A074DD /* AdminTests.swift */ = {isa = PBXFileReference; lastKnownFileType = sourcecode.swift; path = "SleepingRoutineForZyTests/UnitTests/AdminTests.swift"; sourceTree = SOURCE_ROOT; };
		73487E4EB88268283984E93C /* AlarmTests.swift */ = {isa = PBXFileReference; lastKnownFileType = sourcecode.swift; path = "SleepingRoutineForZyTests/UnitTests/AlarmTests.swift"; sourceTree = SOURCE_ROOT; };
		11F6A92667FBF21E04A0A44C /* AudioServiceTests.swift */ = {isa = PBXFileReference; lastKnownFileType = sourcecode.swift; path = "SleepingRoutineForZyTests/UnitTests/AudioServiceTests.swift"; sourceTree = SOURCE_ROOT; };
		075C1CFD75B246653585B301 /* OnboardingViewModelTests.swift */ = {isa = PBXFileReference; lastKnownFileType = sourcecode.swift; path = "SleepingRoutineForZyTests/UnitTests/OnboardingViewModelTests.swift"; sourceTree = SOURCE_ROOT; };
		EC00CB5C1BE6373EDD4412F4 /* PersistenceRepositoryTests.swift */ = {isa = PBXFileReference; lastKnownFileType = sourcecode.swift; path = "SleepingRoutineForZyTests/UnitTests/PersistenceRepositoryTests.swift"; sourceTree = SOURCE_ROOT; };
		92C3F42D56186AFC09F90832 /* Phase1FoundationTests.swift */ = {isa = PBXFileReference; lastKnownFileType = sourcecode.swift; path = "SleepingRoutineForZyTests/UnitTests/Phase1FoundationTests.swift"; sourceTree = SOURCE_ROOT; };
		94BB89F25FE6211B86C9E9DD /* SleepRoutineControllerTests.swift */ = {isa = PBXFileReference; lastKnownFileType = sourcecode.swift; path = "SleepingRoutineForZyTests/UnitTests/SleepRoutineControllerTests.swift"; sourceTree = SOURCE_ROOT; };
		CD68BDD7E8C4ABF068D6B0CE /* SpotifyTests.swift */ = {isa = PBXFileReference; lastKnownFileType = sourcecode.swift; path = "SleepingRoutineForZyTests/UnitTests/SpotifyTests.swift"; sourceTree = SOURCE_ROOT; };
		1F445BA85FBFB64D59F585D6 /* SleepingRoutineForZyUITests.swift */ = {isa = PBXFileReference; lastKnownFileType = sourcecode.swift; path = "SleepingRoutineForZyUITests/SleepingRoutineForZyUITests.swift"; sourceTree = SOURCE_ROOT; };
		04CAD1DE9AA3BB75AA22E6C9 /* Debug.xcconfig */ = {isa = PBXFileReference; lastKnownFileType = text.xcconfig; path = Config/Debug.xcconfig; sourceTree = SOURCE_ROOT; };
		2FC880FA859D8B37FF06B833 /* Release.xcconfig */ = {isa = PBXFileReference; lastKnownFileType = text.xcconfig; path = Config/Release.xcconfig; sourceTree = SOURCE_ROOT; };
		DE299D87159754B222425FF7 /* Shared.xcconfig */ = {isa = PBXFileReference; lastKnownFileType = text.xcconfig; path = Config/Shared.xcconfig; sourceTree = SOURCE_ROOT; };
		98EAAF93EB3F2E2A43E2CD74 /* SleepingRoutineForZy.app */ = {isa = PBXFileReference; explicitFileType = wrapper.application; includeInIndex = 0; path = SleepingRoutineForZy.app; sourceTree = BUILT_PRODUCTS_DIR; };
		6446439284D6E89B920ECD1E /* SleepingRoutineForZyTests.xctest */ = {isa = PBXFileReference; explicitFileType = wrapper.cfbundle; includeInIndex = 0; path = SleepingRoutineForZyTests.xctest; sourceTree = BUILT_PRODUCTS_DIR; };
		B1D0069C81755670F016CADD /* SleepingRoutineForZyUITests.xctest */ = {isa = PBXFileReference; explicitFileType = wrapper.cfbundle; includeInIndex = 0; path = SleepingRoutineForZyUITests.xctest; sourceTree = BUILT_PRODUCTS_DIR; };
/* End PBXFileReference section */

/* Begin PBXFrameworksBuildPhase section */
		5AA3E3023E2F521CFDE12453 /* Frameworks */ = {
			isa = PBXFrameworksBuildPhase;
			buildActionMask = 2147483647;
			files = (
			);
			runOnlyForDeploymentPostprocessing = 0;
		};
		F5CA805DE7FECE6F9834E312 /* Frameworks */ = {
			isa = PBXFrameworksBuildPhase;
			buildActionMask = 2147483647;
			files = (
			);
			runOnlyForDeploymentPostprocessing = 0;
		};
		6896805022129B8E5DC44108 /* Frameworks */ = {
			isa = PBXFrameworksBuildPhase;
			buildActionMask = 2147483647;
			files = (
			);
			runOnlyForDeploymentPostprocessing = 0;
		};
/* End PBXFrameworksBuildPhase section */

/* Begin PBXGroup section */
		528F5480FBA0BBA164D42FE2 = {
			isa = PBXGroup;
			children = (
				0C3FF0772B631B6759C0657D /* SleepingRoutineForZy */,
				1C773B5C76BE736CE09DE5A2 /* SleepingRoutineForZyTests */,
				B71ED3AE938EC711F439C546 /* SleepingRoutineForZyUITests */,
				CDDA5B767F78BBC08C9F7DB7 /* Config */,
				EC3F28F1C85C787616DFBB9F /* Products */,
			);
			sourceTree = "<group>";
		};
		EC3F28F1C85C787616DFBB9F /* Products */ = {
			isa = PBXGroup;
			children = (
				98EAAF93EB3F2E2A43E2CD74 /* SleepingRoutineForZy.app */,
				6446439284D6E89B920ECD1E /* SleepingRoutineForZyTests.xctest */,
				B1D0069C81755670F016CADD /* SleepingRoutineForZyUITests.xctest */,
			);
			name = Products;
			sourceTree = "<group>";
		};
		0C3FF0772B631B6759C0657D /* SleepingRoutineForZy */ = {
			isa = PBXGroup;
			children = (
				E70C20FFD0EEEBD6E06830AC /* AppEnvironment.swift */,
				E88C92BDC2CBD8C1E90B8068 /* AppState.swift */,
				2230BF24860081429BAB11BC /* RootView.swift */,
				E3A7B08D687EA422D8B65431 /* SleepingRoutineForZyApp.swift */,
				F33861AFA45584D2A2D09D99 /* DomainModels.swift */,
				8E599266EDC4A40C3F86B89C /* RoutineState.swift */,
				3111113633FC711A6DC47F1B /* SleepRoutineError.swift */,
				82627A5B904213E4ED3D7144 /* SleepTimerState.swift */,
				AAE1D9ABDFC61E8DEEDE18F8 /* AdminAPIClient.swift */,
				37CDC30B9CBC60C04A8C4858 /* APIEndpoint.swift */,
				321567A7140B820C9F9191E9 /* SpotifyAPIClient.swift */,
				E024889A77769ECF167E55FB /* SpotifyAuthManager.swift */,
				949812507ED4651404942EB4 /* SpotifyAuthTypes.swift */,
				3D3BC6624FD19C19677F3455 /* PersistenceController.swift */,
				F207FA55767FD46CC118F621 /* SwiftDataModels.swift */,
				CB319DA4E68540F6A8E699AF /* Repositories.swift */,
				12832A02C605F29A1DFDC691 /* AdminCredentialStore.swift */,
				70ED913682B91C962634B543 /* KeychainService.swift */,
				82866CA57C018545C6C8E70B /* SpotifyTokenStore.swift */,
				1D2486BC2074FE90FB9E5848 /* AlarmScheduler.swift */,
				8BDCFF49E6CE5A278F157654 /* AudioServiceLive.swift */,
				3878E1D2518772F6F3329CFB /* NotificationServiceLive.swift */,
				E6DC79172E4F69CF5D4A6C96 /* ServiceProtocols.swift */,
				E1C8983A0DA6EEB12F827907 /* SleepAudioSampleFactory.swift */,
				02AAC9A51D5CFA7FC6438A2B /* SpotifyServiceLive.swift */,
				A04FB199D3E4A303F810BE28 /* StatusCheckInServiceLive.swift */,
				E0DEE13B51508CE2B1DBA494 /* AppConfiguration.swift */,
				D88D0CC7BBCFDD46C376AB02 /* AdminMonitoringController.swift */,
				9CA17D10A616B5CFF5DDD128 /* AdminView.swift */,
				B53D0715CA212AA9207FAFE7 /* AdminViewModel.swift */,
				2E447CE30981A54FAF1C3A47 /* AlarmEditorView.swift */,
				5755997DFC9F2875D716E6F8 /* AlarmsView.swift */,
				CD5BBEF0F22A5ED1A792245A /* AlarmsViewModel.swift */,
				DAC55FDA24D874D80C7C668C /* HomeView.swift */,
				0920A33DC75366AACDF76C6F /* HomeViewModel.swift */,
				F2ED97BAC49BA9CBD4BA8E9A /* OnboardingFlowView.swift */,
				1646830E0177A52AFBCEA39A /* OnboardingViewModel.swift */,
				3A168DCB38F842374178A751 /* RoutineCoordinator.swift */,
				427C5BE90584F26165589347 /* SleepRoutineController.swift */,
				3E2D0434D7E33641676E84B3 /* SettingsView.swift */,
				EF6045899D2F1CC8BC9BA225 /* SleepTimerView.swift */,
				CA3EFD8748F790261589E658 /* SleepTimerViewModel.swift */,
				530F64C4E92CEB7D69616279 /* SpotifyView.swift */,
				8A3063A236E5052D3E1B08FF /* SpotifyViewModel.swift */,
				0C42D83A83ADEC2D06EEF18D /* CommonComponents.swift */,
				796EDC52FC6770F9C0924824 /* View+Theme.swift */,
				7E074966A832B3EEE7413BE8 /* AppTheme.swift */,
				7C5AA35AB97FE18FAB684E24 /* Info.plist */,
				103E099495CECE5214A4AF1E /* Localizable.xcstrings */,
				E2F28611255C7A1C1873380C /* Assets.xcassets */,
			);
			name = SleepingRoutineForZy;
			sourceTree = "<group>";
		};
		1C773B5C76BE736CE09DE5A2 /* SleepingRoutineForZyTests */ = {
			isa = PBXGroup;
			children = (
				0D19A9D8E0736EAFE2A074DD /* AdminTests.swift */,
				73487E4EB88268283984E93C /* AlarmTests.swift */,
				11F6A92667FBF21E04A0A44C /* AudioServiceTests.swift */,
				075C1CFD75B246653585B301 /* OnboardingViewModelTests.swift */,
				EC00CB5C1BE6373EDD4412F4 /* PersistenceRepositoryTests.swift */,
				92C3F42D56186AFC09F90832 /* Phase1FoundationTests.swift */,
				94BB89F25FE6211B86C9E9DD /* SleepRoutineControllerTests.swift */,
				CD68BDD7E8C4ABF068D6B0CE /* SpotifyTests.swift */,
			);
			name = SleepingRoutineForZyTests;
			sourceTree = "<group>";
		};
		B71ED3AE938EC711F439C546 /* SleepingRoutineForZyUITests */ = {
			isa = PBXGroup;
			children = (
				1F445BA85FBFB64D59F585D6 /* SleepingRoutineForZyUITests.swift */,
			);
			name = SleepingRoutineForZyUITests;
			sourceTree = "<group>";
		};
		CDDA5B767F78BBC08C9F7DB7 /* Config */ = {
			isa = PBXGroup;
			children = (
				04CAD1DE9AA3BB75AA22E6C9 /* Debug.xcconfig */,
				2FC880FA859D8B37FF06B833 /* Release.xcconfig */,
				DE299D87159754B222425FF7 /* Shared.xcconfig */,
			);
			name = Config;
			sourceTree = "<group>";
		};
/* End PBXGroup section */

/* Begin PBXNativeTarget section */
		E9CE1D928ECD808E676E6BC9 /* SleepingRoutineForZy */ = {
			isa = PBXNativeTarget;
			buildConfigurationList = AA7262881E4EC3150198E910 /* Build configuration list for PBXNativeTarget "SleepingRoutineForZy" */;
			buildPhases = (
				4437DBB02342B3384C87B48A /* Sources */,
				5AA3E3023E2F521CFDE12453 /* Frameworks */,
				99498BE413E868B73150442F /* Resources */,
			);
			buildRules = (
			);
			dependencies = (
			);
			name = SleepingRoutineForZy;
			productName = SleepingRoutineForZy;
			productReference = 98EAAF93EB3F2E2A43E2CD74 /* SleepingRoutineForZy.app */;
			productType = "com.apple.product-type.application";
		};
		562D9B3A93BA77D8DB434DB6 /* SleepingRoutineForZyTests */ = {
			isa = PBXNativeTarget;
			buildConfigurationList = 5419F1B6BDFC6F518943D655 /* Build configuration list for PBXNativeTarget "SleepingRoutineForZyTests" */;
			buildPhases = (
				6B3AE5213F502EB58636F074 /* Sources */,
				F5CA805DE7FECE6F9834E312 /* Frameworks */,
			);
			buildRules = (
			);
			dependencies = (
				2BE5ED85A3DF4A0BF3FDA755 /* PBXTargetDependency */,
			);
			name = SleepingRoutineForZyTests;
			productName = SleepingRoutineForZyTests;
			productReference = 6446439284D6E89B920ECD1E /* SleepingRoutineForZyTests.xctest */;
			productType = "com.apple.product-type.bundle.unit-test";
		};
		959CF410BA1FB6936A90FC3B /* SleepingRoutineForZyUITests */ = {
			isa = PBXNativeTarget;
			buildConfigurationList = 25F7364DEBF195273CC56A6F /* Build configuration list for PBXNativeTarget "SleepingRoutineForZyUITests" */;
			buildPhases = (
				396772D8A01FBC85610AAC9C /* Sources */,
				6896805022129B8E5DC44108 /* Frameworks */,
			);
			buildRules = (
			);
			dependencies = (
				D4FE9F6718F97F87196BDE6A /* PBXTargetDependency */,
			);
			name = SleepingRoutineForZyUITests;
			productName = SleepingRoutineForZyUITests;
			productReference = B1D0069C81755670F016CADD /* SleepingRoutineForZyUITests.xctest */;
			productType = "com.apple.product-type.bundle.ui-testing";
		};
/* End PBXNativeTarget section */

/* Begin PBXProject section */
		B408D6D14BD6C873F7D28715 /* Project object */ = {
			isa = PBXProject;
			attributes = {
				BuildIndependentTargetsInParallel = 1;
				LastSwiftUpdateCheck = 1500;
				LastUpgradeCheck = 1500;
				TargetAttributes = {
					E9CE1D928ECD808E676E6BC9 = {
						CreatedOnToolsVersion = 15.0;
					};
					562D9B3A93BA77D8DB434DB6 = {
						CreatedOnToolsVersion = 15.0;
						TestTargetID = E9CE1D928ECD808E676E6BC9;
					};
					959CF410BA1FB6936A90FC3B = {
						CreatedOnToolsVersion = 15.0;
						TestTargetID = E9CE1D928ECD808E676E6BC9;
					};
				};
			};
			buildConfigurationList = 73CE46385A6C12C23E5671DB /* Build configuration list for PBXProject "SleepingRoutineForZy" */;
			compatibilityVersion = "Xcode 14.0";
			developmentRegion = en;
			hasScannedForEncodings = 0;
			knownRegions = (
				en,
				Base,
			);
			mainGroup = 528F5480FBA0BBA164D42FE2;
			productRefGroup = EC3F28F1C85C787616DFBB9F /* Products */;
			projectDirPath = "";
			projectRoot = "";
			targets = (
				E9CE1D928ECD808E676E6BC9 /* SleepingRoutineForZy */,
				562D9B3A93BA77D8DB434DB6 /* SleepingRoutineForZyTests */,
				959CF410BA1FB6936A90FC3B /* SleepingRoutineForZyUITests */,
			);
		};
/* End PBXProject section */

/* Begin PBXResourcesBuildPhase section */
		99498BE413E868B73150442F /* Resources */ = {
			isa = PBXResourcesBuildPhase;
			buildActionMask = 2147483647;
			files = (
				75F7D7F9D756250666253136 /* Localizable.xcstrings in Resources */,
				E97FDD523F42254DD9B1054E /* Assets.xcassets in Resources */,
			);
			runOnlyForDeploymentPostprocessing = 0;
		};
/* End PBXResourcesBuildPhase section */

/* Begin PBXSourcesBuildPhase section */
		4437DBB02342B3384C87B48A /* Sources */ = {
			isa = PBXSourcesBuildPhase;
			buildActionMask = 2147483647;
			files = (
				7746B99F40844AD5415354FF /* AppEnvironment.swift in Sources */,
				3D5D84E3437C677FAD63DA05 /* AppState.swift in Sources */,
				FDFD223648B9148996260F7F /* RootView.swift in Sources */,
				5C0120F44C87328E5E9C3E6E /* SleepingRoutineForZyApp.swift in Sources */,
				1B1E28A349B1717399C5961B /* DomainModels.swift in Sources */,
				65C6D9E289D2E2719E91469B /* RoutineState.swift in Sources */,
				56C3B8D590AD1E91BADD91D2 /* SleepRoutineError.swift in Sources */,
				E669FF57F6D6C58C706637B9 /* SleepTimerState.swift in Sources */,
				703D7AAF410319588E024AD1 /* AdminAPIClient.swift in Sources */,
				F2F0682D5C64043C2F08778C /* APIEndpoint.swift in Sources */,
				DD0748CF8EA35612CE806D0E /* SpotifyAPIClient.swift in Sources */,
				DBE1F1AB50D705D91985514A /* SpotifyAuthManager.swift in Sources */,
				B1AB7B230C5109E731653761 /* SpotifyAuthTypes.swift in Sources */,
				7F1AB39599B4932341CD608A /* PersistenceController.swift in Sources */,
				B9BABCF2D329CD3D839014CA /* SwiftDataModels.swift in Sources */,
				2DD39C441ED1A1FA660E2938 /* Repositories.swift in Sources */,
				306C545BE08B043C612BD7FB /* AdminCredentialStore.swift in Sources */,
				938A49935208B664DB3DA727 /* KeychainService.swift in Sources */,
				41AE24046FE8A8B146B5E243 /* SpotifyTokenStore.swift in Sources */,
				3D0291EFA92EDBB449EE2EB3 /* AlarmScheduler.swift in Sources */,
				29419F28CE2B9F8331115225 /* AudioServiceLive.swift in Sources */,
				C2B8203024A5FAC3DF26CA93 /* NotificationServiceLive.swift in Sources */,
				0E020FD86ADACF75AEBB53EF /* ServiceProtocols.swift in Sources */,
				30D1D6CA1AA1F48C1528C53A /* SleepAudioSampleFactory.swift in Sources */,
				BC8BE3DABD269ED82F2BFEE7 /* SpotifyServiceLive.swift in Sources */,
				B37EC2AD8694DB773C18465A /* StatusCheckInServiceLive.swift in Sources */,
				2D52AAEDD325A0F266869D4F /* AppConfiguration.swift in Sources */,
				1B0090D84F73D47E46B84470 /* AdminMonitoringController.swift in Sources */,
				878688B7A0E20775E88C9606 /* AdminView.swift in Sources */,
				7A06EFA04527F1F0ED0B689E /* AdminViewModel.swift in Sources */,
				03AFC36A8286C71ED25AFB34 /* AlarmEditorView.swift in Sources */,
				DB300875D813CCE94E4FD820 /* AlarmsView.swift in Sources */,
				0E46037936A680EB51F55122 /* AlarmsViewModel.swift in Sources */,
				84BB6CE5ABB3442859D9A799 /* HomeView.swift in Sources */,
				84D944029D56777B9B2E9656 /* HomeViewModel.swift in Sources */,
				AD6B0A02ED8D65988617F82E /* OnboardingFlowView.swift in Sources */,
				261A5955E5E8F4453ACA721E /* OnboardingViewModel.swift in Sources */,
				81629196CF8DA06667A0E7CC /* RoutineCoordinator.swift in Sources */,
				4252B2D8946DFFAB01FB359C /* SleepRoutineController.swift in Sources */,
				E5CDFFB705EB45F90FFBF935 /* SettingsView.swift in Sources */,
				5D82B7B8D8C1E2265C47FC8B /* SleepTimerView.swift in Sources */,
				903063AFD44B3B52AEEBA3A2 /* SleepTimerViewModel.swift in Sources */,
				E9650874B7175FCC3BE44D4B /* SpotifyView.swift in Sources */,
				0DA12DB107E3A7B7BA522F19 /* SpotifyViewModel.swift in Sources */,
				5F5D33308D71969D841FE4C8 /* CommonComponents.swift in Sources */,
				89B57B61293B3CAC95E9A4D5 /* View+Theme.swift in Sources */,
				84350034FABE7337F08522DD /* AppTheme.swift in Sources */,
			);
			runOnlyForDeploymentPostprocessing = 0;
		};
		6B3AE5213F502EB58636F074 /* Sources */ = {
			isa = PBXSourcesBuildPhase;
			buildActionMask = 2147483647;
			files = (
				B739399D6C30B5FC58F43979 /* AdminTests.swift in Sources */,
				EC7EB528A7A05B31F6AAC8C1 /* AlarmTests.swift in Sources */,
				B9CA75BDEC7EEDA86D5A9334 /* AudioServiceTests.swift in Sources */,
				B80C1520F81957FF91522F23 /* OnboardingViewModelTests.swift in Sources */,
				8B0561827ADF756B10A4E9B6 /* PersistenceRepositoryTests.swift in Sources */,
				FC7F7B76BBACEBDEFD861365 /* Phase1FoundationTests.swift in Sources */,
				AB756A61BD8FADDB57F23D51 /* SleepRoutineControllerTests.swift in Sources */,
				AB67EC98A77F06FA39C5A31B /* SpotifyTests.swift in Sources */,
			);
			runOnlyForDeploymentPostprocessing = 0;
		};
		396772D8A01FBC85610AAC9C /* Sources */ = {
			isa = PBXSourcesBuildPhase;
			buildActionMask = 2147483647;
			files = (
				3B8BDBBBC21346A581501C57 /* SleepingRoutineForZyUITests.swift in Sources */,
			);
			runOnlyForDeploymentPostprocessing = 0;
		};
/* End PBXSourcesBuildPhase section */

/* Begin PBXContainerItemProxy section */
		FB9ABE1C1A205FE015E8A047 /* PBXContainerItemProxy */ = {
			isa = PBXContainerItemProxy;
			containerPortal = B408D6D14BD6C873F7D28715 /* Project object */;
			proxyType = 1;
			remoteGlobalIDString = E9CE1D928ECD808E676E6BC9;
			remoteInfo = SleepingRoutineForZy;
		};
		B9BB5CA09D54E5F602695EA2 /* PBXContainerItemProxy */ = {
			isa = PBXContainerItemProxy;
			containerPortal = B408D6D14BD6C873F7D28715 /* Project object */;
			proxyType = 1;
			remoteGlobalIDString = E9CE1D928ECD808E676E6BC9;
			remoteInfo = SleepingRoutineForZy;
		};
/* End PBXContainerItemProxy section */

/* Begin PBXTargetDependency section */
		2BE5ED85A3DF4A0BF3FDA755 /* PBXTargetDependency */ = {
			isa = PBXTargetDependency;
			target = E9CE1D928ECD808E676E6BC9 /* SleepingRoutineForZy */;
			targetProxy = FB9ABE1C1A205FE015E8A047 /* PBXContainerItemProxy */;
		};
		D4FE9F6718F97F87196BDE6A /* PBXTargetDependency */ = {
			isa = PBXTargetDependency;
			target = E9CE1D928ECD808E676E6BC9 /* SleepingRoutineForZy */;
			targetProxy = B9BB5CA09D54E5F602695EA2 /* PBXContainerItemProxy */;
		};
/* End PBXTargetDependency section */

/* Begin XCBuildConfiguration section */
		E0E29D324F7831C4506BA791 /* Debug */ = {
			isa = XCBuildConfiguration;
			buildSettings = {
				ALWAYS_SEARCH_USER_PATHS = NO;
				CLANG_ENABLE_MODULES = YES;
				CLANG_ENABLE_OBJC_ARC = YES;
				COPY_PHASE_STRIP = NO;
				DEBUG_INFORMATION_FORMAT = dwarf;
				ENABLE_TESTABILITY = YES;
				GCC_DYNAMIC_NO_PIC = NO;
				IPHONEOS_DEPLOYMENT_TARGET = 17.0;
				ONLY_ACTIVE_ARCH = YES;
				SDKROOT = iphoneos;
				SWIFT_ACTIVE_COMPILATION_CONDITIONS = "DEBUG $(inherited)";
				SWIFT_OPTIMIZATION_LEVEL = "-Onone";
				SWIFT_VERSION = 5.0;
			};
			name = Debug;
		};
		594F455B51BFB873D9635324 /* Release */ = {
			isa = XCBuildConfiguration;
			buildSettings = {
				ALWAYS_SEARCH_USER_PATHS = NO;
				CLANG_ENABLE_MODULES = YES;
				CLANG_ENABLE_OBJC_ARC = YES;
				COPY_PHASE_STRIP = NO;
				DEBUG_INFORMATION_FORMAT = "dwarf-with-dsym";
				IPHONEOS_DEPLOYMENT_TARGET = 17.0;
				SDKROOT = iphoneos;
				SWIFT_COMPILATION_MODE = wholemodule;
				SWIFT_VERSION = 5.0;
				VALIDATE_PRODUCT = YES;
			};
			name = Release;
		};
		AF91CD3947F38E2500B217B5 /* Debug */ = {
			isa = XCBuildConfiguration;
			baseConfigurationReference = 04CAD1DE9AA3BB75AA22E6C9 /* Debug.xcconfig */;
			buildSettings = {
				ASSETCATALOG_COMPILER_APPICON_NAME = AppIcon;
				ASSETCATALOG_COMPILER_GLOBAL_ACCENT_COLOR_NAME = AccentColor;
				CODE_SIGN_STYLE = Automatic;
				CURRENT_PROJECT_VERSION = 1;
				DEVELOPMENT_TEAM = "";
				ENABLE_PREVIEWS = YES;
				ENABLE_TESTABILITY = YES;
				GENERATE_INFOPLIST_FILE = NO;
				INFOPLIST_FILE = SleepingRoutineForZy/Resources/Info.plist;
				INFOPLIST_KEY_UIApplicationSupportsIndirectInputEvents = YES;
				LD_RUNPATH_SEARCH_PATHS = (
					"$(inherited)",
					"@executable_path/Frameworks",
				);
				MARKETING_VERSION = 0.1.0;
				PRODUCT_BUNDLE_IDENTIFIER = com.zy.sleepingroutine;
				PRODUCT_NAME = "$(TARGET_NAME)";
				SUPPORTED_PLATFORMS = "iphoneos iphonesimulator";
				SUPPORTS_MACCATALYST = NO;
				SWIFT_EMIT_LOC_STRINGS = YES;
				SWIFT_VERSION = 5.0;
				TARGETED_DEVICE_FAMILY = 1;
			};
			name = Debug;
		};
		D8BF2CB5838688B40505BB0C /* Release */ = {
			isa = XCBuildConfiguration;
			baseConfigurationReference = 2FC880FA859D8B37FF06B833 /* Release.xcconfig */;
			buildSettings = {
				ASSETCATALOG_COMPILER_APPICON_NAME = AppIcon;
				ASSETCATALOG_COMPILER_GLOBAL_ACCENT_COLOR_NAME = AccentColor;
				CODE_SIGN_STYLE = Automatic;
				CURRENT_PROJECT_VERSION = 1;
				DEVELOPMENT_TEAM = "";
				ENABLE_PREVIEWS = YES;
				ENABLE_TESTABILITY = YES;
				GENERATE_INFOPLIST_FILE = NO;
				INFOPLIST_FILE = SleepingRoutineForZy/Resources/Info.plist;
				INFOPLIST_KEY_UIApplicationSupportsIndirectInputEvents = YES;
				LD_RUNPATH_SEARCH_PATHS = (
					"$(inherited)",
					"@executable_path/Frameworks",
				);
				MARKETING_VERSION = 0.1.0;
				PRODUCT_BUNDLE_IDENTIFIER = com.zy.sleepingroutine;
				PRODUCT_NAME = "$(TARGET_NAME)";
				SUPPORTED_PLATFORMS = "iphoneos iphonesimulator";
				SUPPORTS_MACCATALYST = NO;
				SWIFT_EMIT_LOC_STRINGS = YES;
				SWIFT_VERSION = 5.0;
				TARGETED_DEVICE_FAMILY = 1;
			};
			name = Release;
		};
		790AF59AD6F2D4CEC26FD8D0 /* Debug */ = {
			isa = XCBuildConfiguration;
			buildSettings = {
				BUNDLE_LOADER = "$(TEST_HOST)";
				CODE_SIGN_STYLE = Automatic;
				CURRENT_PROJECT_VERSION = 1;
				GENERATE_INFOPLIST_FILE = YES;
				IPHONEOS_DEPLOYMENT_TARGET = 17.0;
				MARKETING_VERSION = 0.1.0;
				PRODUCT_BUNDLE_IDENTIFIER = com.zy.sleepingroutine.tests;
				PRODUCT_NAME = "$(TARGET_NAME)";
				SWIFT_VERSION = 5.0;
				TARGETED_DEVICE_FAMILY = 1;
				TEST_HOST = "$(BUILT_PRODUCTS_DIR)/SleepingRoutineForZy.app/$(BUNDLE_EXECUTABLE_FOLDER_PATH)/SleepingRoutineForZy";
			};
			name = Debug;
		};
		D9FA1EB1F593E71165292B5B /* Release */ = {
			isa = XCBuildConfiguration;
			buildSettings = {
				BUNDLE_LOADER = "$(TEST_HOST)";
				CODE_SIGN_STYLE = Automatic;
				CURRENT_PROJECT_VERSION = 1;
				GENERATE_INFOPLIST_FILE = YES;
				IPHONEOS_DEPLOYMENT_TARGET = 17.0;
				MARKETING_VERSION = 0.1.0;
				PRODUCT_BUNDLE_IDENTIFIER = com.zy.sleepingroutine.tests;
				PRODUCT_NAME = "$(TARGET_NAME)";
				SWIFT_VERSION = 5.0;
				TARGETED_DEVICE_FAMILY = 1;
				TEST_HOST = "$(BUILT_PRODUCTS_DIR)/SleepingRoutineForZy.app/$(BUNDLE_EXECUTABLE_FOLDER_PATH)/SleepingRoutineForZy";
			};
			name = Release;
		};
		3191DB51FC00DEC041AECEBB /* Debug */ = {
			isa = XCBuildConfiguration;
			buildSettings = {
				CODE_SIGN_STYLE = Automatic;
				CURRENT_PROJECT_VERSION = 1;
				GENERATE_INFOPLIST_FILE = YES;
				MARKETING_VERSION = 0.1.0;
				PRODUCT_BUNDLE_IDENTIFIER = com.zy.sleepingroutine.uitests;
				PRODUCT_NAME = "$(TARGET_NAME)";
				SWIFT_VERSION = 5.0;
				TARGETED_DEVICE_FAMILY = 1;
				TEST_TARGET_NAME = SleepingRoutineForZy;
			};
			name = Debug;
		};
		C7987F491D5BD367730A3ABA /* Release */ = {
			isa = XCBuildConfiguration;
			buildSettings = {
				CODE_SIGN_STYLE = Automatic;
				CURRENT_PROJECT_VERSION = 1;
				GENERATE_INFOPLIST_FILE = YES;
				MARKETING_VERSION = 0.1.0;
				PRODUCT_BUNDLE_IDENTIFIER = com.zy.sleepingroutine.uitests;
				PRODUCT_NAME = "$(TARGET_NAME)";
				SWIFT_VERSION = 5.0;
				TARGETED_DEVICE_FAMILY = 1;
				TEST_TARGET_NAME = SleepingRoutineForZy;
			};
			name = Release;
		};
/* End XCBuildConfiguration section */

/* Begin XCConfigurationList section */
		73CE46385A6C12C23E5671DB /* Build configuration list for PBXProject "SleepingRoutineForZy" */ = {
			isa = XCConfigurationList;
			buildConfigurations = (
				E0E29D324F7831C4506BA791 /* Debug */,
				594F455B51BFB873D9635324 /* Release */,
			);
			defaultConfigurationIsVisible = 0;
			defaultConfigurationName = Release;
		};
		AA7262881E4EC3150198E910 /* Build configuration list for PBXNativeTarget "SleepingRoutineForZy" */ = {
			isa = XCConfigurationList;
			buildConfigurations = (
				AF91CD3947F38E2500B217B5 /* Debug */,
				D8BF2CB5838688B40505BB0C /* Release */,
			);
			defaultConfigurationIsVisible = 0;
			defaultConfigurationName = Release;
		};
		5419F1B6BDFC6F518943D655 /* Build configuration list for PBXNativeTarget "SleepingRoutineForZyTests" */ = {
			isa = XCConfigurationList;
			buildConfigurations = (
				790AF59AD6F2D4CEC26FD8D0 /* Debug */,
				D9FA1EB1F593E71165292B5B /* Release */,
			);
			defaultConfigurationIsVisible = 0;
			defaultConfigurationName = Release;
		};
		25F7364DEBF195273CC56A6F /* Build configuration list for PBXNativeTarget "SleepingRoutineForZyUITests" */ = {
			isa = XCConfigurationList;
			buildConfigurations = (
				3191DB51FC00DEC041AECEBB /* Debug */,
				C7987F491D5BD367730A3ABA /* Release */,
			);
			defaultConfigurationIsVisible = 0;
			defaultConfigurationName = Release;
		};
/* End XCConfigurationList section */
	};
	rootObject = B408D6D14BD6C873F7D28715 /* Project object */;
}
