<?xml version="1.0" encoding="UTF-8"?>
<Scheme LastUpgradeVersion = "1500" version = "1.7">
   <BuildAction parallelizeBuildables = "YES" buildImplicitDependencies = "YES">
      <BuildActionEntries>
         <BuildActionEntry buildForTesting = "YES" buildForRunning = "YES" buildForProfiling = "YES" buildForArchiving = "YES" buildForAnalyzing = "YES">
            <BuildableReference BuildableIdentifier = "primary" BlueprintIdentifier = "E9CE1D928ECD808E676E6BC9" BuildableName = "SleepingRoutineForZy.app" BlueprintName = "SleepingRoutineForZy" ReferencedContainer = "container:SleepingRoutineForZy.xcodeproj"/>
         </BuildActionEntry>
      </BuildActionEntries>
   </BuildAction>
   <TestAction buildConfiguration = "Debug" selectedDebuggerIdentifier = "Xcode.DebuggerFoundation.Debugger.LLDB" selectedLauncherIdentifier = "Xcode.DebuggerFoundation.Launcher.LLDB" shouldUseLaunchSchemeArgsEnv = "YES" shouldAutocreateTestPlan = "YES">
      <Testables>
         <TestableReference skipped = "NO"><BuildableReference BuildableIdentifier = "primary" BlueprintIdentifier = "562D9B3A93BA77D8DB434DB6" BuildableName = "SleepingRoutineForZyTests.xctest" BlueprintName = "SleepingRoutineForZyTests" ReferencedContainer = "container:SleepingRoutineForZy.xcodeproj"/></TestableReference>
         <TestableReference skipped = "NO"><BuildableReference BuildableIdentifier = "primary" BlueprintIdentifier = "959CF410BA1FB6936A90FC3B" BuildableName = "SleepingRoutineForZyUITests.xctest" BlueprintName = "SleepingRoutineForZyUITests" ReferencedContainer = "container:SleepingRoutineForZy.xcodeproj"/></TestableReference>
      </Testables>
   </TestAction>
   <LaunchAction buildConfiguration = "Debug" selectedDebuggerIdentifier = "Xcode.DebuggerFoundation.Debugger.LLDB" selectedLauncherIdentifier = "Xcode.DebuggerFoundation.Launcher.LLDB" launchStyle = "0" useCustomWorkingDirectory = "NO" ignoresPersistentStateOnLaunch = "NO" debugDocumentVersioning = "YES" debugServiceExtension = "internal" allowLocationSimulation = "YES">
      <BuildableProductRunnable runnableDebuggingMode = "0">
         <BuildableReference BuildableIdentifier = "primary" BlueprintIdentifier = "E9CE1D928ECD808E676E6BC9" BuildableName = "SleepingRoutineForZy.app" BlueprintName = "SleepingRoutineForZy" ReferencedContainer = "container:SleepingRoutineForZy.xcodeproj"/>
      </BuildableProductRunnable>
   </LaunchAction>
   <ProfileAction buildConfiguration = "Release" shouldUseLaunchSchemeArgsEnv = "YES" savedToolIdentifier = "" useCustomWorkingDirectory = "NO" debugDocumentVersioning = "YES">
      <BuildableProductRunnable runnableDebuggingMode = "0">
         <BuildableReference BuildableIdentifier = "primary" BlueprintIdentifier = "E9CE1D928ECD808E676E6BC9" BuildableName = "SleepingRoutineForZy.app" BlueprintName = "SleepingRoutineForZy" ReferencedContainer = "container:SleepingRoutineForZy.xcodeproj"/>
      </BuildableProductRunnable>
   </ProfileAction>
   <AnalyzeAction buildConfiguration = "Debug"/>
   <ArchiveAction buildConfiguration = "Release" revealArchiveInOrganizer = "YES"/>
</Scheme>
